// !$*UTF8*$!
{
	archiveVersion = 1;
	classes = {
	};
	objectVersion = 56;
	objects = {

/* Begin PBXBuildFile section */
		AD0ADC3B2A54444C0030B1F9 /* WidgetKit.framework in Frameworks */ = {isa = PBXBuildFile; fileRef = AD0ADC3A2A54444C0030B1F9 /* WidgetKit.framework */; };
		AD0ADC3D2A54444C0030B1F9 /* SwiftUI.framework in Frameworks */ = {isa = PBXBuildFile; fileRef = AD0ADC3C2A54444C0030B1F9 /* SwiftUI.framework */; };
		AD0ADC402A54444C0030B1F9 /* YomangWidgetExtensionBundle.swift in Sources */ = {isa = PBXBuildFile; fileRef = AD0ADC3F2A54444C0030B1F9 /* YomangWidgetExtensionBundle.swift */; };
		AD0ADC422A54444C0030B1F9 /* YomangWidgetExtension.swift in Sources */ = {isa = PBXBuildFile; fileRef = AD0ADC412A54444C0030B1F9 /* YomangWidgetExtension.swift */; };
		AD0ADC442A54444D0030B1F9 /* Assets.xcassets in Resources */ = {isa = PBXBuildFile; fileRef = AD0ADC432A54444D0030B1F9 /* Assets.xcassets */; };
		AD0ADC482A54444D0030B1F9 /* YomangWidgetExtensionExtension.appex in Embed Foundation Extensions */ = {isa = PBXBuildFile; fileRef = AD0ADC382A54444C0030B1F9 /* YomangWidgetExtensionExtension.appex */; settings = {ATTRIBUTES = (RemoveHeadersOnCopy, ); }; };
		AD46BA1A2A52F9DD001D3894 /* YomangApp.swift in Sources */ = {isa = PBXBuildFile; fileRef = AD46BA192A52F9DD001D3894 /* YomangApp.swift */; };
		AD46BA1C2A52F9DD001D3894 /* ContentView.swift in Sources */ = {isa = PBXBuildFile; fileRef = AD46BA1B2A52F9DD001D3894 /* ContentView.swift */; };
		AD46BA1E2A52F9DE001D3894 /* Assets.xcassets in Resources */ = {isa = PBXBuildFile; fileRef = AD46BA1D2A52F9DE001D3894 /* Assets.xcassets */; };
		AD46BA212A52F9DE001D3894 /* Preview Assets.xcassets in Resources */ = {isa = PBXBuildFile; fileRef = AD46BA202A52F9DE001D3894 /* Preview Assets.xcassets */; };
/* End PBXBuildFile section */

/* Begin PBXContainerItemProxy section */
		AD0ADC462A54444D0030B1F9 /* PBXContainerItemProxy */ = {
			isa = PBXContainerItemProxy;
			containerPortal = AD46BA0E2A52F9DD001D3894 /* Project object */;
			proxyType = 1;
			remoteGlobalIDString = AD0ADC372A54444C0030B1F9;
			remoteInfo = YomangWidgetExtensionExtension;
		};
/* End PBXContainerItemProxy section */

/* Begin PBXCopyFilesBuildPhase section */
		AD0ADC492A54444D0030B1F9 /* Embed Foundation Extensions */ = {
			isa = PBXCopyFilesBuildPhase;
			buildActionMask = 2147483647;
			dstPath = "";
			dstSubfolderSpec = 13;
			files = (
				AD0ADC482A54444D0030B1F9 /* YomangWidgetExtensionExtension.appex in Embed Foundation Extensions */,
			);
			name = "Embed Foundation Extensions";
			runOnlyForDeploymentPostprocessing = 0;
		};
/* End PBXCopyFilesBuildPhase section */

/* Begin PBXFileReference section */
		AD0ADC382A54444C0030B1F9 /* YomangWidgetExtensionExtension.appex */ = {isa = PBXFileReference; explicitFileType = "wrapper.app-extension"; includeInIndex = 0; path = YomangWidgetExtensionExtension.appex; sourceTree = BUILT_PRODUCTS_DIR; };
		AD0ADC3A2A54444C0030B1F9 /* WidgetKit.framework */ = {isa = PBXFileReference; lastKnownFileType = wrapper.framework; name = WidgetKit.framework; path = System/Library/Frameworks/WidgetKit.framework; sourceTree = SDKROOT; };
		AD0ADC3C2A54444C0030B1F9 /* SwiftUI.framework */ = {isa = PBXFileReference; lastKnownFileType = wrapper.framework; name = SwiftUI.framework; path = System/Library/Frameworks/SwiftUI.framework; sourceTree = SDKROOT; };
		AD0ADC3F2A54444C0030B1F9 /* YomangWidgetExtensionBundle.swift */ = {isa = PBXFileReference; lastKnownFileType = sourcecode.swift; path = YomangWidgetExtensionBundle.swift; sourceTree = "<group>"; };
		AD0ADC412A54444C0030B1F9 /* YomangWidgetExtension.swift */ = {isa = PBXFileReference; lastKnownFileType = sourcecode.swift; path = YomangWidgetExtension.swift; sourceTree = "<group>"; };
		AD0ADC432A54444D0030B1F9 /* Assets.xcassets */ = {isa = PBXFileReference; lastKnownFileType = folder.assetcatalog; path = Assets.xcassets; sourceTree = "<group>"; };
		AD0ADC452A54444D0030B1F9 /* Info.plist */ = {isa = PBXFileReference; lastKnownFileType = text.plist.xml; path = Info.plist; sourceTree = "<group>"; };
		AD46BA162A52F9DD001D3894 /* Yomang.app */ = {isa = PBXFileReference; explicitFileType = wrapper.application; includeInIndex = 0; path = Yomang.app; sourceTree = BUILT_PRODUCTS_DIR; };
		AD46BA192A52F9DD001D3894 /* YomangApp.swift */ = {isa = PBXFileReference; lastKnownFileType = sourcecode.swift; path = YomangApp.swift; sourceTree = "<group>"; };
		AD46BA1B2A52F9DD001D3894 /* ContentView.swift */ = {isa = PBXFileReference; lastKnownFileType = sourcecode.swift; path = ContentView.swift; sourceTree = "<group>"; };
		AD46BA1D2A52F9DE001D3894 /* Assets.xcassets */ = {isa = PBXFileReference; lastKnownFileType = folder.assetcatalog; path = Assets.xcassets; sourceTree = "<group>"; };
		AD46BA202A52F9DE001D3894 /* Preview Assets.xcassets */ = {isa = PBXFileReference; lastKnownFileType = folder.assetcatalog; path = "Preview Assets.xcassets"; sourceTree = "<group>"; };
/* End PBXFileReference section */

/* Begin PBXFrameworksBuildPhase section */
		AD0ADC352A54444C0030B1F9 /* Frameworks */ = {
			isa = PBXFrameworksBuildPhase;
			buildActionMask = 2147483647;
			files = (
				AD0ADC3D2A54444C0030B1F9 /* SwiftUI.framework in Frameworks */,
				AD0ADC3B2A54444C0030B1F9 /* WidgetKit.framework in Frameworks */,
			);
			runOnlyForDeploymentPostprocessing = 0;
		};
		AD46BA132A52F9DD001D3894 /* Frameworks */ = {
			isa = PBXFrameworksBuildPhase;
			buildActionMask = 2147483647;
			files = (
			);
			runOnlyForDeploymentPostprocessing = 0;
		};
/* End PBXFrameworksBuildPhase section */

/* Begin PBXGroup section */
		AD0ADC392A54444C0030B1F9 /* Frameworks */ = {
			isa = PBXGroup;
			children = (
				AD0ADC3A2A54444C0030B1F9 /* WidgetKit.framework */,
				AD0ADC3C2A54444C0030B1F9 /* SwiftUI.framework */,
			);
			name = Frameworks;
			sourceTree = "<group>";
		};
		AD0ADC3E2A54444C0030B1F9 /* YomangWidgetExtension */ = {
			isa = PBXGroup;
			children = (
				AD0ADC3F2A54444C0030B1F9 /* YomangWidgetExtensionBundle.swift */,
				AD0ADC412A54444C0030B1F9 /* YomangWidgetExtension.swift */,
				AD0ADC432A54444D0030B1F9 /* Assets.xcassets */,
				AD0ADC452A54444D0030B1F9 /* Info.plist */,
			);
			path = YomangWidgetExtension;
			sourceTree = "<group>";
		};
		AD46BA0D2A52F9DD001D3894 = {
			isa = PBXGroup;
			children = (
				AD46BA182A52F9DD001D3894 /* Yomang */,
				AD0ADC3E2A54444C0030B1F9 /* YomangWidgetExtension */,
				AD0ADC392A54444C0030B1F9 /* Frameworks */,
				AD46BA172A52F9DD001D3894 /* Products */,
			);
			sourceTree = "<group>";
		};
		AD46BA172A52F9DD001D3894 /* Products */ = {
			isa = PBXGroup;
			children = (
				AD46BA162A52F9DD001D3894 /* Yomang.app */,
				AD0ADC382A54444C0030B1F9 /* YomangWidgetExtensionExtension.appex */,
			);
			name = Products;
			sourceTree = "<group>";
		};
		AD46BA182A52F9DD001D3894 /* Yomang */ = {
			isa = PBXGroup;
			children = (
				AD46BA192A52F9DD001D3894 /* YomangApp.swift */,
				AD46BA1B2A52F9DD001D3894 /* ContentView.swift */,
				AD46BA1D2A52F9DE001D3894 /* Assets.xcassets */,
				AD46BA1F2A52F9DE001D3894 /* Preview Content */,
			);
			path = Yomang;
			sourceTree = "<group>";
		};
		AD46BA1F2A52F9DE001D3894 /* Preview Content */ = {
			isa = PBXGroup;
			children = (
				AD46BA202A52F9DE001D3894 /* Preview Assets.xcassets */,
			);
			path = "Preview Content";
			sourceTree = "<group>";
		};
/* End PBXGroup section */

/* Begin PBXNativeTarget section */
		AD0ADC372A54444C0030B1F9 /* YomangWidgetExtensionExtension */ = {
			isa = PBXNativeTarget;
			buildConfigurationList = AD0ADC4C2A54444D0030B1F9 /* Build configuration list for PBXNativeTarget "YomangWidgetExtensionExtension" */;
			buildPhases = (
				AD0ADC342A54444C0030B1F9 /* Sources */,
				AD0ADC352A54444C0030B1F9 /* Frameworks */,
				AD0ADC362A54444C0030B1F9 /* Resources */,
			);
			buildRules = (
			);
			dependencies = (
			);
			name = YomangWidgetExtensionExtension;
			productName = YomangWidgetExtensionExtension;
			productReference = AD0ADC382A54444C0030B1F9 /* YomangWidgetExtensionExtension.appex */;
			productType = "com.apple.product-type.app-extension";
		};
		AD46BA152A52F9DD001D3894 /* Yomang */ = {
			isa = PBXNativeTarget;
			buildConfigurationList = AD46BA242A52F9DE001D3894 /* Build configuration list for PBXNativeTarget "Yomang" */;
			buildPhases = (
				AD46BA122A52F9DD001D3894 /* Sources */,
				AD46BA132A52F9DD001D3894 /* Frameworks */,
				AD46BA142A52F9DD001D3894 /* Resources */,
				AD0ADC492A54444D0030B1F9 /* Embed Foundation Extensions */,
			);
			buildRules = (
			);
			dependencies = (
				AD0ADC472A54444D0030B1F9 /* PBXTargetDependency */,
			);
			name = Yomang;
			productName = Yomang;
			productReference = AD46BA162A52F9DD001D3894 /* Yomang.app */;
			productType = "com.apple.product-type.application";
		};
/* End PBXNativeTarget section */

/* Begin PBXProject section */
		AD46BA0E2A52F9DD001D3894 /* Project object */ = {
			isa = PBXProject;
			attributes = {
				BuildIndependentTargetsInParallel = 1;
				LastSwiftUpdateCheck = 1420;
				LastUpgradeCheck = 1420;
				TargetAttributes = {
					AD0ADC372A54444C0030B1F9 = {
						CreatedOnToolsVersion = 14.2;
					};
					AD46BA152A52F9DD001D3894 = {
						CreatedOnToolsVersion = 14.2;
					};
				};
			};
			buildConfigurationList = AD46BA112A52F9DD001D3894 /* Build configuration list for PBXProject "Yomang" */;
			compatibilityVersion = "Xcode 14.0";
			developmentRegion = en;
			hasScannedForEncodings = 0;
			knownRegions = (
				en,
				Base,
			);
			mainGroup = AD46BA0D2A52F9DD001D3894;
			productRefGroup = AD46BA172A52F9DD001D3894 /* Products */;
			projectDirPath = "";
			projectRoot = "";
			targets = (
				AD46BA152A52F9DD001D3894 /* Yomang */,
				AD0ADC372A54444C0030B1F9 /* YomangWidgetExtensionExtension */,
			);
		};
/* End PBXProject section */

/* Begin PBXResourcesBuildPhase section */
		AD0ADC362A54444C0030B1F9 /* Resources */ = {
			isa = PBXResourcesBuildPhase;
			buildActionMask = 2147483647;
			files = (
				AD0ADC442A54444D0030B1F9 /* Assets.xcassets in Resources */,
			);
			runOnlyForDeploymentPostprocessing = 0;
		};
		AD46BA142A52F9DD001D3894 /* Resources */ = {
			isa = PBXResourcesBuildPhase;
			buildActionMask = 2147483647;
			files = (
				AD46BA212A52F9DE001D3894 /* Preview Assets.xcassets in Resources */,
				AD46BA1E2A52F9DE001D3894 /* Assets.xcassets in Resources */,
			);
			runOnlyForDeploymentPostprocessing = 0;
		};
/* End PBXResourcesBuildPhase section */

/* Begin PBXSourcesBuildPhase section */
		AD0ADC342A54444C0030B1F9 /* Sources */ = {
			isa = PBXSourcesBuildPhase;
			buildActionMask = 2147483647;
			files = (
				AD0ADC422A54444C0030B1F9 /* YomangWidgetExtension.swift in Sources */,
				AD0ADC402A54444C0030B1F9 /* YomangWidgetExtensionBundle.swift in Sources */,
			);
			runOnlyForDeploymentPostprocessing = 0;
		};
		AD46BA122A52F9DD001D3894 /* Sources */ = {
			isa = PBXSourcesBuildPhase;
			buildActionMask = 2147483647;
			files = (
				AD46BA1C2A52F9DD001D3894 /* ContentView.swift in Sources */,
				AD46BA1A2A52F9DD001D3894 /* YomangApp.swift in Sources */,
			);
			runOnlyForDeploymentPostprocessing = 0;
		};
/* End PBXSourcesBuildPhase section */

/* Begin PBXTargetDependency section */
		AD0ADC472A54444D0030B1F9 /* PBXTargetDependency */ = {
			isa = PBXTargetDependency;
			target = AD0ADC372A54444C0030B1F9 /* YomangWidgetExtensionExtension */;
			targetProxy = AD0ADC462A54444D0030B1F9 /* PBXContainerItemProxy */;
		};
/* End PBXTargetDependency section */

/* Begin XCBuildConfiguration section */
		AD0ADC4A2A54444D0030B1F9 /* Debug */ = {
			isa = XCBuildConfiguration;
			buildSettings = {
				ASSETCATALOG_COMPILER_GLOBAL_ACCENT_COLOR_NAME = AccentColor;
				ASSETCATALOG_COMPILER_WIDGET_BACKGROUND_COLOR_NAME = WidgetBackground;
				CODE_SIGN_STYLE = Automatic;
				CURRENT_PROJECT_VERSION = 1;
				DEVELOPMENT_TEAM = 7D5PZJWQ9T;
				GENERATE_INFOPLIST_FILE = YES;
				INFOPLIST_FILE = YomangWidgetExtension/Info.plist;
				INFOPLIST_KEY_CFBundleDisplayName = YomangWidgetExtension;
				INFOPLIST_KEY_NSHumanReadableCopyright = "";
				LD_RUNPATH_SEARCH_PATHS = (
					"$(inherited)",
					"@executable_path/Frameworks",
					"@executable_path/../../Frameworks",
				);
				MARKETING_VERSION = 1.0;
				PRODUCT_BUNDLE_IDENTIFIER = pos.academy.Yomang.YomangWidgetExtension;
				PRODUCT_NAME = "$(TARGET_NAME)";
				SKIP_INSTALL = YES;
				SWIFT_EMIT_LOC_STRINGS = YES;
				SWIFT_VERSION = 5.0;
				TARGETED_DEVICE_FAMILY = "1,2";
			};
			name = Debug;
		};
		AD0ADC4B2A54444D0030B1F9 /* Release */ = {
			isa = XCBuildConfiguration;
			buildSettings = {
				ASSETCATALOG_COMPILER_GLOBAL_ACCENT_COLOR_NAME = AccentColor;
				ASSETCATALOG_COMPILER_WIDGET_BACKGROUND_COLOR_NAME = WidgetBackground;
				CODE_SIGN_STYLE = Automatic;
				CURRENT_PROJECT_VERSION = 1;
				DEVELOPMENT_TEAM = 7D5PZJWQ9T;
				GENERATE_INFOPLIST_FILE = YES;
				INFOPLIST_FILE = YomangWidgetExtension/Info.plist;
				INFOPLIST_KEY_CFBundleDisplayName = YomangWidgetExtension;
				INFOPLIST_KEY_NSHumanReadableCopyright = "";
				LD_RUNPATH_SEARCH_PATHS = (
					"$(inherited)",
					"@executable_path/Frameworks",
					"@executable_path/../../Frameworks",
				);
				MARKETING_VERSION = 1.0;
				PRODUCT_BUNDLE_IDENTIFIER = pos.academy.Yomang.YomangWidgetExtension;
				PRODUCT_NAME = "$(TARGET_NAME)";
				SKIP_INSTALL = YES;
				SWIFT_EMIT_LOC_STRINGS = YES;
				SWIFT_VERSION = 5.0;
				TARGETED_DEVICE_FAMILY = "1,2";
			};
			name = Release;
		};
		AD46BA222A52F9DE001D3894 /* Debug */ = {
			isa = XCBuildConfiguration;
			buildSettings = {
				ALWAYS_SEARCH_USER_PATHS = NO;
				CLANG_ANALYZER_NONNULL = YES;
				CLANG_ANALYZER_NUMBER_OBJECT_CONVERSION = YES_AGGRESSIVE;
				CLANG_CXX_LANGUAGE_STANDARD = "gnu++20";
				CLANG_ENABLE_MODULES = YES;
				CLANG_ENABLE_OBJC_ARC = YES;
				CLANG_ENABLE_OBJC_WEAK = YES;
				CLANG_WARN_BLOCK_CAPTURE_AUTORELEASING = YES;
				CLANG_WARN_BOOL_CONVERSION = YES;
				CLANG_WARN_COMMA = YES;
				CLANG_WARN_CONSTANT_CONVERSION = YES;
				CLANG_WARN_DEPRECATED_OBJC_IMPLEMENTATIONS = YES;
				CLANG_WARN_DIRECT_OBJC_ISA_USAGE = YES_ERROR;
				CLANG_WARN_DOCUMENTATION_COMMENTS = YES;
				CLANG_WARN_EMPTY_BODY = YES;
				CLANG_WARN_ENUM_CONVERSION = YES;
				CLANG_WARN_INFINITE_RECURSION = YES;
				CLANG_WARN_INT_CONVERSION = YES;
				CLANG_WARN_NON_LITERAL_NULL_CONVERSION = YES;
				CLANG_WARN_OBJC_IMPLICIT_RETAIN_SELF = YES;
				CLANG_WARN_OBJC_LITERAL_CONVERSION = YES;
				CLANG_WARN_OBJC_ROOT_CLASS = YES_ERROR;
				CLANG_WARN_QUOTED_INCLUDE_IN_FRAMEWORK_HEADER = YES;
				CLANG_WARN_RANGE_LOOP_ANALYSIS = YES;
				CLANG_WARN_STRICT_PROTOTYPES = YES;
				CLANG_WARN_SUSPICIOUS_MOVE = YES;
				CLANG_WARN_UNGUARDED_AVAILABILITY = YES_AGGRESSIVE;
				CLANG_WARN_UNREACHABLE_CODE = YES;
				CLANG_WARN__DUPLICATE_METHOD_MATCH = YES;
				COPY_PHASE_STRIP = NO;
				DEBUG_INFORMATION_FORMAT = dwarf;
				ENABLE_STRICT_OBJC_MSGSEND = YES;
				ENABLE_TESTABILITY = YES;
				GCC_C_LANGUAGE_STANDARD = gnu11;
				GCC_DYNAMIC_NO_PIC = NO;
				GCC_NO_COMMON_BLOCKS = YES;
				GCC_OPTIMIZATION_LEVEL = 0;
				GCC_PREPROCESSOR_DEFINITIONS = (
					"DEBUG=1",
					"$(inherited)",
				);
				GCC_WARN_64_TO_32_BIT_CONVERSION = YES;
				GCC_WARN_ABOUT_RETURN_TYPE = YES_ERROR;
				GCC_WARN_UNDECLARED_SELECTOR = YES;
				GCC_WARN_UNINITIALIZED_AUTOS = YES_AGGRESSIVE;
				GCC_WARN_UNUSED_FUNCTION = YES;
				GCC_WARN_UNUSED_VARIABLE = YES;
				IPHONEOS_DEPLOYMENT_TARGET = 16.2;
				MTL_ENABLE_DEBUG_INFO = INCLUDE_SOURCE;
				MTL_FAST_MATH = YES;
				ONLY_ACTIVE_ARCH = YES;
				SDKROOT = iphoneos;
				SWIFT_ACTIVE_COMPILATION_CONDITIONS = DEBUG;
				SWIFT_OPTIMIZATION_LEVEL = "-Onone";
			};
			name = Debug;
		};
		AD46BA232A52F9DE001D3894 /* Release */ = {
			isa = XCBuildConfiguration;
			buildSettings = {
				ALWAYS_SEARCH_USER_PATHS = NO;
				CLANG_ANALYZER_NONNULL = YES;
				CLANG_ANALYZER_NUMBER_OBJECT_CONVERSION = YES_AGGRESSIVE;
				CLANG_CXX_LANGUAGE_STANDARD = "gnu++20";
				CLANG_ENABLE_MODULES = YES;
				CLANG_ENABLE_OBJC_ARC = YES;
				CLANG_ENABLE_OBJC_WEAK = YES;
				CLANG_WARN_BLOCK_CAPTURE_AUTORELEASING = YES;
				CLANG_WARN_BOOL_CONVERSION = YES;
				CLANG_WARN_COMMA = YES;
				CLANG_WARN_CONSTANT_CONVERSION = YES;
				CLANG_WARN_DEPRECATED_OBJC_IMPLEMENTATIONS = YES;
				CLANG_WARN_DIRECT_OBJC_ISA_USAGE = YES_ERROR;
				CLANG_WARN_DOCUMENTATION_COMMENTS = YES;
				CLANG_WARN_EMPTY_BODY = YES;
				CLANG_WARN_ENUM_CONVERSION = YES;
				CLANG_WARN_INFINITE_RECURSION = YES;
				CLANG_WARN_INT_CONVERSION = YES;
				CLANG_WARN_NON_LITERAL_NULL_CONVERSION = YES;
				CLANG_WARN_OBJC_IMPLICIT_RETAIN_SELF = YES;
				CLANG_WARN_OBJC_LITERAL_CONVERSION = YES;
				CLANG_WARN_OBJC_ROOT_CLASS = YES_ERROR;
				CLANG_WARN_QUOTED_INCLUDE_IN_FRAMEWORK_HEADER = YES;
				CLANG_WARN_RANGE_LOOP_ANALYSIS = YES;
				CLANG_WARN_STRICT_PROTOTYPES = YES;
				CLANG_WARN_SUSPICIOUS_MOVE = YES;
				CLANG_WARN_UNGUARDED_AVAILABILITY = YES_AGGRESSIVE;
				CLANG_WARN_UNREACHABLE_CODE = YES;
				CLANG_WARN__DUPLICATE_METHOD_MATCH = YES;
				COPY_PHASE_STRIP = NO;
				DEBUG_INFORMATION_FORMAT = "dwarf-with-dsym";
				ENABLE_NS_ASSERTIONS = NO;
				ENABLE_STRICT_OBJC_MSGSEND = YES;
				GCC_C_LANGUAGE_STANDARD = gnu11;
				GCC_NO_COMMON_BLOCKS = YES;
				GCC_WARN_64_TO_32_BIT_CONVERSION = YES;
				GCC_WARN_ABOUT_RETURN_TYPE = YES_ERROR;
				GCC_WARN_UNDECLARED_SELECTOR = YES;
				GCC_WARN_UNINITIALIZED_AUTOS = YES_AGGRESSIVE;
				GCC_WARN_UNUSED_FUNCTION = YES;
				GCC_WARN_UNUSED_VARIABLE = YES;
				IPHONEOS_DEPLOYMENT_TARGET = 16.2;
				MTL_ENABLE_DEBUG_INFO = NO;
				MTL_FAST_MATH = YES;
				SDKROOT = iphoneos;
				SWIFT_COMPILATION_MODE = wholemodule;
				SWIFT_OPTIMIZATION_LEVEL = "-O";
				VALIDATE_PRODUCT = YES;
			};
			name = Release;
		};
		AD46BA252A52F9DE001D3894 /* Debug */ = {
			isa = XCBuildConfiguration;
			buildSettings = {
				ALWAYS_EMBED_SWIFT_STANDARD_LIBRARIES = YES;
				ASSETCATALOG_COMPILER_APPICON_NAME = AppIcon;
				ASSETCATALOG_COMPILER_GLOBAL_ACCENT_COLOR_NAME = AccentColor;
				CODE_SIGN_STYLE = Automatic;
				CURRENT_PROJECT_VERSION = 1;
				DEVELOPMENT_ASSET_PATHS = "\"Yomang/Preview Content\"";
				DEVELOPMENT_TEAM = 7D5PZJWQ9T;
				ENABLE_PREVIEWS = YES;
				GENERATE_INFOPLIST_FILE = YES;
				INFOPLIST_KEY_UIApplicationSceneManifest_Generation = YES;
				INFOPLIST_KEY_UIApplicationSupportsIndirectInputEvents = YES;
				INFOPLIST_KEY_UILaunchScreen_Generation = YES;
				INFOPLIST_KEY_UISupportedInterfaceOrientations_iPad = "UIInterfaceOrientationPortrait UIInterfaceOrientationPortraitUpsideDown UIInterfaceOrientationLandscapeLeft UIInterfaceOrientationLandscapeRight";
				INFOPLIST_KEY_UISupportedInterfaceOrientations_iPhone = "UIInterfaceOrientationPortrait UIInterfaceOrientationLandscapeLeft UIInterfaceOrientationLandscapeRight";
				LD_RUNPATH_SEARCH_PATHS = (
					"$(inherited)",
					"@executable_path/Frameworks",
				);
				MARKETING_VERSION = 1.0;
				PRODUCT_BUNDLE_IDENTIFIER = pos.academy.Yomang;
				PRODUCT_NAME = "$(TARGET_NAME)";
				SWIFT_EMIT_LOC_STRINGS = YES;
				SWIFT_VERSION = 5.0;
				TARGETED_DEVICE_FAMILY = "1,2";
			};
			name = Debug;
		};
		AD46BA262A52F9DE001D3894 /* Release */ = {
			isa = XCBuildConfiguration;
			buildSettings = {
				ALWAYS_EMBED_SWIFT_STANDARD_LIBRARIES = YES;
				ASSETCATALOG_COMPILER_APPICON_NAME = AppIcon;
				ASSETCATALOG_COMPILER_GLOBAL_ACCENT_COLOR_NAME = AccentColor;
				CODE_SIGN_STYLE = Automatic;
				CURRENT_PROJECT_VERSION = 1;
				DEVELOPMENT_ASSET_PATHS = "\"Yomang/Preview Content\"";
				DEVELOPMENT_TEAM = 7D5PZJWQ9T;
				ENABLE_PREVIEWS = YES;
				GENERATE_INFOPLIST_FILE = YES;
				INFOPLIST_KEY_UIApplicationSceneManifest_Generation = YES;
				INFOPLIST_KEY_UIApplicationSupportsIndirectInputEvents = YES;
				INFOPLIST_KEY_UILaunchScreen_Generation = YES;
				INFOPLIST_KEY_UISupportedInterfaceOrientations_iPad = "UIInterfaceOrientationPortrait UIInterfaceOrientationPortraitUpsideDown UIInterfaceOrientationLandscapeLeft UIInterfaceOrientationLandscapeRight";
				INFOPLIST_KEY_UISupportedInterfaceOrientations_iPhone = "UIInterfaceOrientationPortrait UIInterfaceOrientationLandscapeLeft UIInterfaceOrientationLandscapeRight";
				LD_RUNPATH_SEARCH_PATHS = (
					"$(inherited)",
					"@executable_path/Frameworks",
				);
				MARKETING_VERSION = 1.0;
				PRODUCT_BUNDLE_IDENTIFIER = pos.academy.Yomang;
				PRODUCT_NAME = "$(TARGET_NAME)";
				SWIFT_EMIT_LOC_STRINGS = YES;
				SWIFT_VERSION = 5.0;
				TARGETED_DEVICE_FAMILY = "1,2";
			};
			name = Release;
		};
/* End XCBuildConfiguration section */

/* Begin XCConfigurationList section */
		AD0ADC4C2A54444D0030B1F9 /* Build configuration list for PBXNativeTarget "YomangWidgetExtensionExtension" */ = {
			isa = XCConfigurationList;
			buildConfigurations = (
				AD0ADC4A2A54444D0030B1F9 /* Debug */,
				AD0ADC4B2A54444D0030B1F9 /* Release */,
			);
			defaultConfigurationIsVisible = 0;
			defaultConfigurationName = Release;
		};
		AD46BA112A52F9DD001D3894 /* Build configuration list for PBXProject "Yomang" */ = {
			isa = XCConfigurationList;
			buildConfigurations = (
				AD46BA222A52F9DE001D3894 /* Debug */,
				AD46BA232A52F9DE001D3894 /* Release */,
			);
			defaultConfigurationIsVisible = 0;
			defaultConfigurationName = Release;
		};
		AD46BA242A52F9DE001D3894 /* Build configuration list for PBXNativeTarget "Yomang" */ = {
			isa = XCConfigurationList;
			buildConfigurations = (
				AD46BA252A52F9DE001D3894 /* Debug */,
				AD46BA262A52F9DE001D3894 /* Release */,
			);
			defaultConfigurationIsVisible = 0;
			defaultConfigurationName = Release;
		};
/* End XCConfigurationList section */
	};
	rootObject = AD46BA0E2A52F9DD001D3894 /* Project object */;
}
