// !$*UTF8*$!
{
	archiveVersion = 1;
	classes = {
	};
	objectVersion = 56;
	objects = {

/* Begin PBXBuildFile section */
		2F1288792A592A620054FD6B /* FirebaseAnalytics in Frameworks */ = {isa = PBXBuildFile; productRef = 2F1288782A592A620054FD6B /* FirebaseAnalytics */; };
		2F12887B2A592A620054FD6B /* FirebaseAuth in Frameworks */ = {isa = PBXBuildFile; productRef = 2F12887A2A592A620054FD6B /* FirebaseAuth */; };
		2F12887D2A592A620054FD6B /* FirebaseDatabase in Frameworks */ = {isa = PBXBuildFile; productRef = 2F12887C2A592A620054FD6B /* FirebaseDatabase */; };
		2F12887F2A592A620054FD6B /* FirebaseDatabaseSwift in Frameworks */ = {isa = PBXBuildFile; productRef = 2F12887E2A592A620054FD6B /* FirebaseDatabaseSwift */; };
		2F1288812A592A620054FD6B /* FirebaseFirestore in Frameworks */ = {isa = PBXBuildFile; productRef = 2F1288802A592A620054FD6B /* FirebaseFirestore */; };
		2F1288832A592A620054FD6B /* FirebaseFirestoreSwift in Frameworks */ = {isa = PBXBuildFile; productRef = 2F1288822A592A620054FD6B /* FirebaseFirestoreSwift */; };
		2F1288852A592A620054FD6B /* FirebaseStorage in Frameworks */ = {isa = PBXBuildFile; productRef = 2F1288842A592A620054FD6B /* FirebaseStorage */; };
		2F1288882A592A720054FD6B /* User.swift in Sources */ = {isa = PBXBuildFile; fileRef = 2F1288872A592A720054FD6B /* User.swift */; };
		2F12888A2A592AD70054FD6B /* YomangImg.swift in Sources */ = {isa = PBXBuildFile; fileRef = 2F1288892A592AD70054FD6B /* YomangImg.swift */; };
		2F12888C2A592CED0054FD6B /* GoogleService-Info.plist in Resources */ = {isa = PBXBuildFile; fileRef = 2F12888B2A592CED0054FD6B /* GoogleService-Info.plist */; };
		2F12888F2A59319F0054FD6B /* AuthViewModel.swift in Sources */ = {isa = PBXBuildFile; fileRef = 2F12888E2A59319F0054FD6B /* AuthViewModel.swift */; };
		2FC2EFC12A597B3F008E1056 /* AppleLoginButtonView.swift in Sources */ = {isa = PBXBuildFile; fileRef = 2FC2EFC02A597B3F008E1056 /* AppleLoginButtonView.swift */; };
		2FC2EFC42A598056008E1056 /* AppleLoginSessionTestView.swift in Sources */ = {isa = PBXBuildFile; fileRef = 2FC2EFC32A598056008E1056 /* AppleLoginSessionTestView.swift */; };
		2FDD6F3F2A5BC9300065F947 /* FirebaseDynamicLinks in Frameworks */ = {isa = PBXBuildFile; productRef = 2FDD6F3E2A5BC9300065F947 /* FirebaseDynamicLinks */; };
		AD46BA1A2A52F9DD001D3894 /* YomangApp.swift in Sources */ = {isa = PBXBuildFile; fileRef = AD46BA192A52F9DD001D3894 /* YomangApp.swift */; };
		AD46BA1C2A52F9DD001D3894 /* ContentView.swift in Sources */ = {isa = PBXBuildFile; fileRef = AD46BA1B2A52F9DD001D3894 /* ContentView.swift */; };
		AD46BA1E2A52F9DE001D3894 /* Assets.xcassets in Resources */ = {isa = PBXBuildFile; fileRef = AD46BA1D2A52F9DE001D3894 /* Assets.xcassets */; };
		AD46BA212A52F9DE001D3894 /* Preview Assets.xcassets in Resources */ = {isa = PBXBuildFile; fileRef = AD46BA202A52F9DE001D3894 /* Preview Assets.xcassets */; };
/* End PBXBuildFile section */

/* Begin PBXFileReference section */
		2F1288872A592A720054FD6B /* User.swift */ = {isa = PBXFileReference; lastKnownFileType = sourcecode.swift; path = User.swift; sourceTree = "<group>"; };
		2F1288892A592AD70054FD6B /* YomangImg.swift */ = {isa = PBXFileReference; lastKnownFileType = sourcecode.swift; path = YomangImg.swift; sourceTree = "<group>"; };
		2F12888B2A592CED0054FD6B /* GoogleService-Info.plist */ = {isa = PBXFileReference; fileEncoding = 4; lastKnownFileType = text.plist.xml; path = "GoogleService-Info.plist"; sourceTree = "<group>"; };
		2F12888E2A59319F0054FD6B /* AuthViewModel.swift */ = {isa = PBXFileReference; lastKnownFileType = sourcecode.swift; path = AuthViewModel.swift; sourceTree = "<group>"; };
		2FC2EFBF2A5962B3008E1056 /* Yomang.entitlements */ = {isa = PBXFileReference; lastKnownFileType = text.plist.entitlements; path = Yomang.entitlements; sourceTree = "<group>"; };
		2FC2EFC02A597B3F008E1056 /* AppleLoginButtonView.swift */ = {isa = PBXFileReference; lastKnownFileType = sourcecode.swift; path = AppleLoginButtonView.swift; sourceTree = "<group>"; };
		2FC2EFC32A598056008E1056 /* AppleLoginSessionTestView.swift */ = {isa = PBXFileReference; lastKnownFileType = sourcecode.swift; path = AppleLoginSessionTestView.swift; sourceTree = "<group>"; };
		2FDD6F3C2A5BC72B0065F947 /* Info.plist */ = {isa = PBXFileReference; lastKnownFileType = text.plist; path = Info.plist; sourceTree = "<group>"; };
		AD46BA162A52F9DD001D3894 /* Yomang.app */ = {isa = PBXFileReference; explicitFileType = wrapper.application; includeInIndex = 0; path = Yomang.app; sourceTree = BUILT_PRODUCTS_DIR; };
		AD46BA192A52F9DD001D3894 /* YomangApp.swift */ = {isa = PBXFileReference; lastKnownFileType = sourcecode.swift; path = YomangApp.swift; sourceTree = "<group>"; };
		AD46BA1B2A52F9DD001D3894 /* ContentView.swift */ = {isa = PBXFileReference; lastKnownFileType = sourcecode.swift; path = ContentView.swift; sourceTree = "<group>"; };
		AD46BA1D2A52F9DE001D3894 /* Assets.xcassets */ = {isa = PBXFileReference; lastKnownFileType = folder.assetcatalog; path = Assets.xcassets; sourceTree = "<group>"; };
		AD46BA202A52F9DE001D3894 /* Preview Assets.xcassets */ = {isa = PBXFileReference; lastKnownFileType = folder.assetcatalog; path = "Preview Assets.xcassets"; sourceTree = "<group>"; };
/* End PBXFileReference section */

/* Begin PBXFrameworksBuildPhase section */
		AD46BA132A52F9DD001D3894 /* Frameworks */ = {
			isa = PBXFrameworksBuildPhase;
			buildActionMask = 2147483647;
			files = (
				2F12887F2A592A620054FD6B /* FirebaseDatabaseSwift in Frameworks */,
				2F12887D2A592A620054FD6B /* FirebaseDatabase in Frameworks */,
				2F1288792A592A620054FD6B /* FirebaseAnalytics in Frameworks */,
				2FDD6F3F2A5BC9300065F947 /* FirebaseDynamicLinks in Frameworks */,
				2F1288812A592A620054FD6B /* FirebaseFirestore in Frameworks */,
				2F1288852A592A620054FD6B /* FirebaseStorage in Frameworks */,
				2F12887B2A592A620054FD6B /* FirebaseAuth in Frameworks */,
				2F1288832A592A620054FD6B /* FirebaseFirestoreSwift in Frameworks */,
			);
			runOnlyForDeploymentPostprocessing = 0;
		};
/* End PBXFrameworksBuildPhase section */

/* Begin PBXGroup section */
		2F1288862A592A680054FD6B /* Model */ = {
			isa = PBXGroup;
			children = (
				2F1288872A592A720054FD6B /* User.swift */,
				2F1288892A592AD70054FD6B /* YomangImg.swift */,
			);
			path = Model;
			sourceTree = "<group>";
		};
		2F12888D2A59318C0054FD6B /* ViewModel */ = {
			isa = PBXGroup;
			children = (
				2F12888E2A59319F0054FD6B /* AuthViewModel.swift */,
			);
			path = ViewModel;
			sourceTree = "<group>";
		};
		2FC2EFBE2A596115008E1056 /* View */ = {
			isa = PBXGroup;
			children = (
				2FC2EFC02A597B3F008E1056 /* AppleLoginButtonView.swift */,
			);
			path = View;
			sourceTree = "<group>";
		};
		2FC2EFC22A597E3F008E1056 /* TestView */ = {
			isa = PBXGroup;
			children = (
				2FC2EFC32A598056008E1056 /* AppleLoginSessionTestView.swift */,
			);
			path = TestView;
			sourceTree = "<group>";
		};
		2FDD6F3D2A5BC9300065F947 /* Frameworks */ = {
			isa = PBXGroup;
			children = (
			);
			name = Frameworks;
			sourceTree = "<group>";
		};
		AD46BA0D2A52F9DD001D3894 = {
			isa = PBXGroup;
			children = (
				AD46BA182A52F9DD001D3894 /* Yomang */,
				AD46BA172A52F9DD001D3894 /* Products */,
				2FDD6F3D2A5BC9300065F947 /* Frameworks */,
			);
			sourceTree = "<group>";
		};
		AD46BA172A52F9DD001D3894 /* Products */ = {
			isa = PBXGroup;
			children = (
				AD46BA162A52F9DD001D3894 /* Yomang.app */,
			);
			name = Products;
			sourceTree = "<group>";
		};
		AD46BA182A52F9DD001D3894 /* Yomang */ = {
			isa = PBXGroup;
			children = (
				2FDD6F3C2A5BC72B0065F947 /* Info.plist */,
				2FC2EFBF2A5962B3008E1056 /* Yomang.entitlements */,
				2F12888B2A592CED0054FD6B /* GoogleService-Info.plist */,
				2FC2EFBE2A596115008E1056 /* View */,
				2F1288862A592A680054FD6B /* Model */,
				2F12888D2A59318C0054FD6B /* ViewModel */,
				AD46BA192A52F9DD001D3894 /* YomangApp.swift */,
				AD46BA1B2A52F9DD001D3894 /* ContentView.swift */,
				2FC2EFC22A597E3F008E1056 /* TestView */,
				AD46BA1D2A52F9DE001D3894 /* Assets.xcassets */,
				AD46BA1F2A52F9DE001D3894 /* Preview Content */,
			);
			path = Yomang;
			sourceTree = "<group>";
		};
		AD46BA1F2A52F9DE001D3894 /* Preview Content */ = {
			isa = PBXGroup;
			children = (
				AD46BA202A52F9DE001D3894 /* Preview Assets.xcassets */,
			);
			path = "Preview Content";
			sourceTree = "<group>";
		};
/* End PBXGroup section */

/* Begin PBXNativeTarget section */
		AD46BA152A52F9DD001D3894 /* Yomang */ = {
			isa = PBXNativeTarget;
			buildConfigurationList = AD46BA242A52F9DE001D3894 /* Build configuration list for PBXNativeTarget "Yomang" */;
			buildPhases = (
				AD46BA122A52F9DD001D3894 /* Sources */,
				AD46BA132A52F9DD001D3894 /* Frameworks */,
				AD46BA142A52F9DD001D3894 /* Resources */,
			);
			buildRules = (
			);
			dependencies = (
			);
			name = Yomang;
			packageProductDependencies = (
				2F1288782A592A620054FD6B /* FirebaseAnalytics */,
				2F12887A2A592A620054FD6B /* FirebaseAuth */,
				2F12887C2A592A620054FD6B /* FirebaseDatabase */,
				2F12887E2A592A620054FD6B /* FirebaseDatabaseSwift */,
				2F1288802A592A620054FD6B /* FirebaseFirestore */,
				2F1288822A592A620054FD6B /* FirebaseFirestoreSwift */,
				2F1288842A592A620054FD6B /* FirebaseStorage */,
				2FDD6F3E2A5BC9300065F947 /* FirebaseDynamicLinks */,
			);
			productName = Yomang;
			productReference = AD46BA162A52F9DD001D3894 /* Yomang.app */;
			productType = "com.apple.product-type.application";
		};
/* End PBXNativeTarget section */

/* Begin PBXProject section */
		AD46BA0E2A52F9DD001D3894 /* Project object */ = {
			isa = PBXProject;
			attributes = {
				BuildIndependentTargetsInParallel = 1;
				LastSwiftUpdateCheck = 1420;
				LastUpgradeCheck = 1420;
				TargetAttributes = {
					AD46BA152A52F9DD001D3894 = {
						CreatedOnToolsVersion = 14.2;
					};
				};
			};
			buildConfigurationList = AD46BA112A52F9DD001D3894 /* Build configuration list for PBXProject "Yomang" */;
			compatibilityVersion = "Xcode 14.0";
			developmentRegion = en;
			hasScannedForEncodings = 0;
			knownRegions = (
				en,
				Base,
			);
			mainGroup = AD46BA0D2A52F9DD001D3894;
			packageReferences = (
				2F1288772A592A620054FD6B /* XCRemoteSwiftPackageReference "firebase-ios-sdk" */,
			);
			productRefGroup = AD46BA172A52F9DD001D3894 /* Products */;
			projectDirPath = "";
			projectRoot = "";
			targets = (
				AD46BA152A52F9DD001D3894 /* Yomang */,
			);
		};
/* End PBXProject section */

/* Begin PBXResourcesBuildPhase section */
		AD46BA142A52F9DD001D3894 /* Resources */ = {
			isa = PBXResourcesBuildPhase;
			buildActionMask = 2147483647;
			files = (
				AD46BA212A52F9DE001D3894 /* Preview Assets.xcassets in Resources */,
				AD46BA1E2A52F9DE001D3894 /* Assets.xcassets in Resources */,
				2F12888C2A592CED0054FD6B /* GoogleService-Info.plist in Resources */,
			);
			runOnlyForDeploymentPostprocessing = 0;
		};
/* End PBXResourcesBuildPhase section */

/* Begin PBXSourcesBuildPhase section */
		AD46BA122A52F9DD001D3894 /* Sources */ = {
			isa = PBXSourcesBuildPhase;
			buildActionMask = 2147483647;
			files = (
				2F12888F2A59319F0054FD6B /* AuthViewModel.swift in Sources */,
				AD46BA1C2A52F9DD001D3894 /* ContentView.swift in Sources */,
				2FC2EFC42A598056008E1056 /* AppleLoginSessionTestView.swift in Sources */,
				2F1288882A592A720054FD6B /* User.swift in Sources */,
				2F12888A2A592AD70054FD6B /* YomangImg.swift in Sources */,
				AD46BA1A2A52F9DD001D3894 /* YomangApp.swift in Sources */,
				2FC2EFC12A597B3F008E1056 /* AppleLoginButtonView.swift in Sources */,
			);
			runOnlyForDeploymentPostprocessing = 0;
		};
/* End PBXSourcesBuildPhase section */

/* Begin XCBuildConfiguration section */
		AD46BA222A52F9DE001D3894 /* Debug */ = {
			isa = XCBuildConfiguration;
			buildSettings = {
				ALWAYS_SEARCH_USER_PATHS = NO;
				CLANG_ANALYZER_NONNULL = YES;
				CLANG_ANALYZER_NUMBER_OBJECT_CONVERSION = YES_AGGRESSIVE;
				CLANG_CXX_LANGUAGE_STANDARD = "gnu++20";
				CLANG_ENABLE_MODULES = YES;
				CLANG_ENABLE_OBJC_ARC = YES;
				CLANG_ENABLE_OBJC_WEAK = YES;
				CLANG_WARN_BLOCK_CAPTURE_AUTORELEASING = YES;
				CLANG_WARN_BOOL_CONVERSION = YES;
				CLANG_WARN_COMMA = YES;
				CLANG_WARN_CONSTANT_CONVERSION = YES;
				CLANG_WARN_DEPRECATED_OBJC_IMPLEMENTATIONS = YES;
				CLANG_WARN_DIRECT_OBJC_ISA_USAGE = YES_ERROR;
				CLANG_WARN_DOCUMENTATION_COMMENTS = YES;
				CLANG_WARN_EMPTY_BODY = YES;
				CLANG_WARN_ENUM_CONVERSION = YES;
				CLANG_WARN_INFINITE_RECURSION = YES;
				CLANG_WARN_INT_CONVERSION = YES;
				CLANG_WARN_NON_LITERAL_NULL_CONVERSION = YES;
				CLANG_WARN_OBJC_IMPLICIT_RETAIN_SELF = YES;
				CLANG_WARN_OBJC_LITERAL_CONVERSION = YES;
				CLANG_WARN_OBJC_ROOT_CLASS = YES_ERROR;
				CLANG_WARN_QUOTED_INCLUDE_IN_FRAMEWORK_HEADER = YES;
				CLANG_WARN_RANGE_LOOP_ANALYSIS = YES;
				CLANG_WARN_STRICT_PROTOTYPES = YES;
				CLANG_WARN_SUSPICIOUS_MOVE = YES;
				CLANG_WARN_UNGUARDED_AVAILABILITY = YES_AGGRESSIVE;
				CLANG_WARN_UNREACHABLE_CODE = YES;
				CLANG_WARN__DUPLICATE_METHOD_MATCH = YES;
				COPY_PHASE_STRIP = NO;
				DEBUG_INFORMATION_FORMAT = dwarf;
				ENABLE_STRICT_OBJC_MSGSEND = YES;
				ENABLE_TESTABILITY = YES;
				GCC_C_LANGUAGE_STANDARD = gnu11;
				GCC_DYNAMIC_NO_PIC = NO;
				GCC_NO_COMMON_BLOCKS = YES;
				GCC_OPTIMIZATION_LEVEL = 0;
				GCC_PREPROCESSOR_DEFINITIONS = (
					"DEBUG=1",
					"$(inherited)",
				);
				GCC_WARN_64_TO_32_BIT_CONVERSION = YES;
				GCC_WARN_ABOUT_RETURN_TYPE = YES_ERROR;
				GCC_WARN_UNDECLARED_SELECTOR = YES;
				GCC_WARN_UNINITIALIZED_AUTOS = YES_AGGRESSIVE;
				GCC_WARN_UNUSED_FUNCTION = YES;
				GCC_WARN_UNUSED_VARIABLE = YES;
				IPHONEOS_DEPLOYMENT_TARGET = 15.0;
				MTL_ENABLE_DEBUG_INFO = INCLUDE_SOURCE;
				MTL_FAST_MATH = YES;
				ONLY_ACTIVE_ARCH = YES;
				SDKROOT = iphoneos;
				SWIFT_ACTIVE_COMPILATION_CONDITIONS = DEBUG;
				SWIFT_OPTIMIZATION_LEVEL = "-Onone";
			};
			name = Debug;
		};
		AD46BA232A52F9DE001D3894 /* Release */ = {
			isa = XCBuildConfiguration;
			buildSettings = {
				ALWAYS_SEARCH_USER_PATHS = NO;
				CLANG_ANALYZER_NONNULL = YES;
				CLANG_ANALYZER_NUMBER_OBJECT_CONVERSION = YES_AGGRESSIVE;
				CLANG_CXX_LANGUAGE_STANDARD = "gnu++20";
				CLANG_ENABLE_MODULES = YES;
				CLANG_ENABLE_OBJC_ARC = YES;
				CLANG_ENABLE_OBJC_WEAK = YES;
				CLANG_WARN_BLOCK_CAPTURE_AUTORELEASING = YES;
				CLANG_WARN_BOOL_CONVERSION = YES;
				CLANG_WARN_COMMA = YES;
				CLANG_WARN_CONSTANT_CONVERSION = YES;
				CLANG_WARN_DEPRECATED_OBJC_IMPLEMENTATIONS = YES;
				CLANG_WARN_DIRECT_OBJC_ISA_USAGE = YES_ERROR;
				CLANG_WARN_DOCUMENTATION_COMMENTS = YES;
				CLANG_WARN_EMPTY_BODY = YES;
				CLANG_WARN_ENUM_CONVERSION = YES;
				CLANG_WARN_INFINITE_RECURSION = YES;
				CLANG_WARN_INT_CONVERSION = YES;
				CLANG_WARN_NON_LITERAL_NULL_CONVERSION = YES;
				CLANG_WARN_OBJC_IMPLICIT_RETAIN_SELF = YES;
				CLANG_WARN_OBJC_LITERAL_CONVERSION = YES;
				CLANG_WARN_OBJC_ROOT_CLASS = YES_ERROR;
				CLANG_WARN_QUOTED_INCLUDE_IN_FRAMEWORK_HEADER = YES;
				CLANG_WARN_RANGE_LOOP_ANALYSIS = YES;
				CLANG_WARN_STRICT_PROTOTYPES = YES;
				CLANG_WARN_SUSPICIOUS_MOVE = YES;
				CLANG_WARN_UNGUARDED_AVAILABILITY = YES_AGGRESSIVE;
				CLANG_WARN_UNREACHABLE_CODE = YES;
				CLANG_WARN__DUPLICATE_METHOD_MATCH = YES;
				COPY_PHASE_STRIP = NO;
				DEBUG_INFORMATION_FORMAT = "dwarf-with-dsym";
				ENABLE_NS_ASSERTIONS = NO;
				ENABLE_STRICT_OBJC_MSGSEND = YES;
				GCC_C_LANGUAGE_STANDARD = gnu11;
				GCC_NO_COMMON_BLOCKS = YES;
				GCC_WARN_64_TO_32_BIT_CONVERSION = YES;
				GCC_WARN_ABOUT_RETURN_TYPE = YES_ERROR;
				GCC_WARN_UNDECLARED_SELECTOR = YES;
				GCC_WARN_UNINITIALIZED_AUTOS = YES_AGGRESSIVE;
				GCC_WARN_UNUSED_FUNCTION = YES;
				GCC_WARN_UNUSED_VARIABLE = YES;
				IPHONEOS_DEPLOYMENT_TARGET = 15.0;
				MTL_ENABLE_DEBUG_INFO = NO;
				MTL_FAST_MATH = YES;
				SDKROOT = iphoneos;
				SWIFT_COMPILATION_MODE = wholemodule;
				SWIFT_OPTIMIZATION_LEVEL = "-O";
				VALIDATE_PRODUCT = YES;
			};
			name = Release;
		};
		AD46BA252A52F9DE001D3894 /* Debug */ = {
			isa = XCBuildConfiguration;
			buildSettings = {
				ASSETCATALOG_COMPILER_APPICON_NAME = AppIcon;
				ASSETCATALOG_COMPILER_GLOBAL_ACCENT_COLOR_NAME = AccentColor;
				CODE_SIGN_ENTITLEMENTS = Yomang/Yomang.entitlements;
				CODE_SIGN_STYLE = Automatic;
				CURRENT_PROJECT_VERSION = 1;
				DEVELOPMENT_ASSET_PATHS = "\"Yomang/Preview Content\"";
				DEVELOPMENT_TEAM = D97KNF9M4D;
				ENABLE_PREVIEWS = YES;
				GENERATE_INFOPLIST_FILE = YES;
				INFOPLIST_FILE = Yomang/Info.plist;
				INFOPLIST_KEY_UIApplicationSceneManifest_Generation = YES;
				INFOPLIST_KEY_UIApplicationSupportsIndirectInputEvents = YES;
				INFOPLIST_KEY_UILaunchScreen_Generation = YES;
				INFOPLIST_KEY_UISupportedInterfaceOrientations_iPad = "UIInterfaceOrientationPortrait UIInterfaceOrientationPortraitUpsideDown UIInterfaceOrientationLandscapeLeft UIInterfaceOrientationLandscapeRight";
				INFOPLIST_KEY_UISupportedInterfaceOrientations_iPhone = "UIInterfaceOrientationPortrait UIInterfaceOrientationLandscapeLeft UIInterfaceOrientationLandscapeRight";
				IPHONEOS_DEPLOYMENT_TARGET = 15.0;
				LD_RUNPATH_SEARCH_PATHS = (
					"$(inherited)",
					"@executable_path/Frameworks",
				);
				MARKETING_VERSION = 1.0;
				PRODUCT_BUNDLE_IDENTIFIER = pos.academy.Yomang;
				PRODUCT_NAME = "$(TARGET_NAME)";
				SUPPORTED_PLATFORMS = "iphoneos iphonesimulator";
				SUPPORTS_MACCATALYST = NO;
				SUPPORTS_MAC_DESIGNED_FOR_IPHONE_IPAD = NO;
				SUPPORTS_XR_DESIGNED_FOR_IPHONE_IPAD = NO;
				SWIFT_EMIT_LOC_STRINGS = YES;
				SWIFT_VERSION = 5.0;
				TARGETED_DEVICE_FAMILY = "1,2";
			};
			name = Debug;
		};
		AD46BA262A52F9DE001D3894 /* Release */ = {
			isa = XCBuildConfiguration;
			buildSettings = {
				ASSETCATALOG_COMPILER_APPICON_NAME = AppIcon;
				ASSETCATALOG_COMPILER_GLOBAL_ACCENT_COLOR_NAME = AccentColor;
				CODE_SIGN_ENTITLEMENTS = Yomang/Yomang.entitlements;
				CODE_SIGN_STYLE = Automatic;
				CURRENT_PROJECT_VERSION = 1;
				DEVELOPMENT_ASSET_PATHS = "\"Yomang/Preview Content\"";
				DEVELOPMENT_TEAM = D97KNF9M4D;
				ENABLE_PREVIEWS = YES;
				GENERATE_INFOPLIST_FILE = YES;
				INFOPLIST_FILE = Yomang/Info.plist;
				INFOPLIST_KEY_UIApplicationSceneManifest_Generation = YES;
				INFOPLIST_KEY_UIApplicationSupportsIndirectInputEvents = YES;
				INFOPLIST_KEY_UILaunchScreen_Generation = YES;
				INFOPLIST_KEY_UISupportedInterfaceOrientations_iPad = "UIInterfaceOrientationPortrait UIInterfaceOrientationPortraitUpsideDown UIInterfaceOrientationLandscapeLeft UIInterfaceOrientationLandscapeRight";
				INFOPLIST_KEY_UISupportedInterfaceOrientations_iPhone = "UIInterfaceOrientationPortrait UIInterfaceOrientationLandscapeLeft UIInterfaceOrientationLandscapeRight";
				IPHONEOS_DEPLOYMENT_TARGET = 15.0;
				LD_RUNPATH_SEARCH_PATHS = (
					"$(inherited)",
					"@executable_path/Frameworks",
				);
				MARKETING_VERSION = 1.0;
				PRODUCT_BUNDLE_IDENTIFIER = pos.academy.Yomang;
				PRODUCT_NAME = "$(TARGET_NAME)";
				SUPPORTED_PLATFORMS = "iphoneos iphonesimulator";
				SUPPORTS_MACCATALYST = NO;
				SUPPORTS_MAC_DESIGNED_FOR_IPHONE_IPAD = NO;
				SUPPORTS_XR_DESIGNED_FOR_IPHONE_IPAD = NO;
				SWIFT_EMIT_LOC_STRINGS = YES;
				SWIFT_VERSION = 5.0;
				TARGETED_DEVICE_FAMILY = "1,2";
			};
			name = Release;
		};
/* End XCBuildConfiguration section */

/* Begin XCConfigurationList section */
		AD46BA112A52F9DD001D3894 /* Build configuration list for PBXProject "Yomang" */ = {
			isa = XCConfigurationList;
			buildConfigurations = (
				AD46BA222A52F9DE001D3894 /* Debug */,
				AD46BA232A52F9DE001D3894 /* Release */,
			);
			defaultConfigurationIsVisible = 0;
			defaultConfigurationName = Release;
		};
		AD46BA242A52F9DE001D3894 /* Build configuration list for PBXNativeTarget "Yomang" */ = {
			isa = XCConfigurationList;
			buildConfigurations = (
				AD46BA252A52F9DE001D3894 /* Debug */,
				AD46BA262A52F9DE001D3894 /* Release */,
			);
			defaultConfigurationIsVisible = 0;
			defaultConfigurationName = Release;
		};
/* End XCConfigurationList section */

/* Begin XCRemoteSwiftPackageReference section */
		2F1288772A592A620054FD6B /* XCRemoteSwiftPackageReference "firebase-ios-sdk" */ = {
			isa = XCRemoteSwiftPackageReference;
			repositoryURL = "https://github.com/firebase/firebase-ios-sdk";
			requirement = {
				kind = upToNextMajorVersion;
				minimumVersion = 10.11.0;
			};
		};
/* End XCRemoteSwiftPackageReference section */

/* Begin XCSwiftPackageProductDependency section */
		2F1288782A592A620054FD6B /* FirebaseAnalytics */ = {
			isa = XCSwiftPackageProductDependency;
			package = 2F1288772A592A620054FD6B /* XCRemoteSwiftPackageReference "firebase-ios-sdk" */;
			productName = FirebaseAnalytics;
		};
		2F12887A2A592A620054FD6B /* FirebaseAuth */ = {
			isa = XCSwiftPackageProductDependency;
			package = 2F1288772A592A620054FD6B /* XCRemoteSwiftPackageReference "firebase-ios-sdk" */;
			productName = FirebaseAuth;
		};
		2F12887C2A592A620054FD6B /* FirebaseDatabase */ = {
			isa = XCSwiftPackageProductDependency;
			package = 2F1288772A592A620054FD6B /* XCRemoteSwiftPackageReference "firebase-ios-sdk" */;
			productName = FirebaseDatabase;
		};
		2F12887E2A592A620054FD6B /* FirebaseDatabaseSwift */ = {
			isa = XCSwiftPackageProductDependency;
			package = 2F1288772A592A620054FD6B /* XCRemoteSwiftPackageReference "firebase-ios-sdk" */;
			productName = FirebaseDatabaseSwift;
		};
		2F1288802A592A620054FD6B /* FirebaseFirestore */ = {
			isa = XCSwiftPackageProductDependency;
			package = 2F1288772A592A620054FD6B /* XCRemoteSwiftPackageReference "firebase-ios-sdk" */;
			productName = FirebaseFirestore;
		};
		2F1288822A592A620054FD6B /* FirebaseFirestoreSwift */ = {
			isa = XCSwiftPackageProductDependency;
			package = 2F1288772A592A620054FD6B /* XCRemoteSwiftPackageReference "firebase-ios-sdk" */;
			productName = FirebaseFirestoreSwift;
		};
		2F1288842A592A620054FD6B /* FirebaseStorage */ = {
			isa = XCSwiftPackageProductDependency;
			package = 2F1288772A592A620054FD6B /* XCRemoteSwiftPackageReference "firebase-ios-sdk" */;
			productName = FirebaseStorage;
		};
		2FDD6F3E2A5BC9300065F947 /* FirebaseDynamicLinks */ = {
			isa = XCSwiftPackageProductDependency;
			package = 2F1288772A592A620054FD6B /* XCRemoteSwiftPackageReference "firebase-ios-sdk" */;
			productName = FirebaseDynamicLinks;
		};
/* End XCSwiftPackageProductDependency section */
	};
	rootObject = AD46BA0E2A52F9DD001D3894 /* Project object */;
}
