// !$*UTF8*$!
{
	archiveVersion = 1;
	classes = {
	};
	objectVersion = 56;
	objects = {

/* Begin PBXBuildFile section */
		2F1288792A592A620054FD6B /* FirebaseAnalytics in Frameworks */ = {isa = PBXBuildFile; productRef = 2F1288782A592A620054FD6B /* FirebaseAnalytics */; };
		2F12887B2A592A620054FD6B /* FirebaseAuth in Frameworks */ = {isa = PBXBuildFile; productRef = 2F12887A2A592A620054FD6B /* FirebaseAuth */; };
		2F12887D2A592A620054FD6B /* FirebaseDatabase in Frameworks */ = {isa = PBXBuildFile; productRef = 2F12887C2A592A620054FD6B /* FirebaseDatabase */; };
		2F12887F2A592A620054FD6B /* FirebaseDatabaseSwift in Frameworks */ = {isa = PBXBuildFile; productRef = 2F12887E2A592A620054FD6B /* FirebaseDatabaseSwift */; };
		2F1288812A592A620054FD6B /* FirebaseFirestore in Frameworks */ = {isa = PBXBuildFile; productRef = 2F1288802A592A620054FD6B /* FirebaseFirestore */; };
		2F1288832A592A620054FD6B /* FirebaseFirestoreSwift in Frameworks */ = {isa = PBXBuildFile; productRef = 2F1288822A592A620054FD6B /* FirebaseFirestoreSwift */; };
		2F1288852A592A620054FD6B /* FirebaseStorage in Frameworks */ = {isa = PBXBuildFile; productRef = 2F1288842A592A620054FD6B /* FirebaseStorage */; };
		2F1288882A592A720054FD6B /* User.swift in Sources */ = {isa = PBXBuildFile; fileRef = 2F1288872A592A720054FD6B /* User.swift */; };
		2F12888A2A592AD70054FD6B /* YomangImage.swift in Sources */ = {isa = PBXBuildFile; fileRef = 2F1288892A592AD70054FD6B /* YomangImage.swift */; };
		2F12888C2A592CED0054FD6B /* GoogleService-Info.plist in Resources */ = {isa = PBXBuildFile; fileRef = 2F12888B2A592CED0054FD6B /* GoogleService-Info.plist */; };
		2F12888F2A59319F0054FD6B /* AuthViewModel.swift in Sources */ = {isa = PBXBuildFile; fileRef = 2F12888E2A59319F0054FD6B /* AuthViewModel.swift */; };
		2FC2EFC12A597B3F008E1056 /* AppleLoginButtonView.swift in Sources */ = {isa = PBXBuildFile; fileRef = 2FC2EFC02A597B3F008E1056 /* AppleLoginButtonView.swift */; };
		2FC2EFC42A598056008E1056 /* AppleLoginSessionTestView.swift in Sources */ = {isa = PBXBuildFile; fileRef = 2FC2EFC32A598056008E1056 /* AppleLoginSessionTestView.swift */; };
		2FDD6F3F2A5BC9300065F947 /* FirebaseDynamicLinks in Frameworks */ = {isa = PBXBuildFile; productRef = 2FDD6F3E2A5BC9300065F947 /* FirebaseDynamicLinks */; };
		2FDD6F442A5C12CD0065F947 /* LoginView.swift in Sources */ = {isa = PBXBuildFile; fileRef = 2FDD6F432A5C12CD0065F947 /* LoginView.swift */; };
		2FDD6F462A5C17C00065F947 /* LinkView.swift in Sources */ = {isa = PBXBuildFile; fileRef = 2FDD6F452A5C17C00065F947 /* LinkView.swift */; };
		AD0ADC3B2A54444C0030B1F9 /* WidgetKit.framework in Frameworks */ = {isa = PBXBuildFile; fileRef = AD0ADC3A2A54444C0030B1F9 /* WidgetKit.framework */; };
		AD0ADC3D2A54444C0030B1F9 /* SwiftUI.framework in Frameworks */ = {isa = PBXBuildFile; fileRef = AD0ADC3C2A54444C0030B1F9 /* SwiftUI.framework */; };
		AD0ADC402A54444C0030B1F9 /* YomangWidgetExtensionBundle.swift in Sources */ = {isa = PBXBuildFile; fileRef = AD0ADC3F2A54444C0030B1F9 /* YomangWidgetExtensionBundle.swift */; };
		AD0ADC422A54444C0030B1F9 /* YomangWidgetExtension.swift in Sources */ = {isa = PBXBuildFile; fileRef = AD0ADC412A54444C0030B1F9 /* YomangWidgetExtension.swift */; };
		AD0ADC442A54444D0030B1F9 /* Assets.xcassets in Resources */ = {isa = PBXBuildFile; fileRef = AD0ADC432A54444D0030B1F9 /* Assets.xcassets */; };
		AD0ADC482A54444D0030B1F9 /* YomangWidgetExtensionExtension.appex in Embed Foundation Extensions */ = {isa = PBXBuildFile; fileRef = AD0ADC382A54444C0030B1F9 /* YomangWidgetExtensionExtension.appex */; settings = {ATTRIBUTES = (RemoveHeadersOnCopy, ); }; };
		AD0ADC552A544F9B0030B1F9 /* Color+Extension.swift in Sources */ = {isa = PBXBuildFile; fileRef = AD0ADC542A544F9B0030B1F9 /* Color+Extension.swift */; };
		AD0ADC572A544FFB0030B1F9 /* NavigationUtil.swift in Sources */ = {isa = PBXBuildFile; fileRef = AD0ADC562A544FFB0030B1F9 /* NavigationUtil.swift */; };
		AD0ADC592A54503A0030B1F9 /* Constants.swift in Sources */ = {isa = PBXBuildFile; fileRef = AD0ADC582A54503A0030B1F9 /* Constants.swift */; };
		AD3805AF2A80E2FE00D02D54 /* String+Extension.swift in Sources */ = {isa = PBXBuildFile; fileRef = AD3805AE2A80E2FE00D02D54 /* String+Extension.swift */; };
		AD3805B52A80E4DE00D02D54 /* Localizable.strings in Resources */ = {isa = PBXBuildFile; fileRef = AD3805B82A80E4DE00D02D54 /* Localizable.strings */; };
		AD3805B62A80E4DE00D02D54 /* Localizable.strings in Resources */ = {isa = PBXBuildFile; fileRef = AD3805B82A80E4DE00D02D54 /* Localizable.strings */; };
		AD3805BD2A80E66600D02D54 /* String+Extension.swift in Sources */ = {isa = PBXBuildFile; fileRef = AD3805AE2A80E2FE00D02D54 /* String+Extension.swift */; };
		AD46BA1A2A52F9DD001D3894 /* YomangApp.swift in Sources */ = {isa = PBXBuildFile; fileRef = AD46BA192A52F9DD001D3894 /* YomangApp.swift */; };
		AD46BA1E2A52F9DE001D3894 /* Assets.xcassets in Resources */ = {isa = PBXBuildFile; fileRef = AD46BA1D2A52F9DE001D3894 /* Assets.xcassets */; };
		AD46BA212A52F9DE001D3894 /* Preview Assets.xcassets in Resources */ = {isa = PBXBuildFile; fileRef = AD46BA202A52F9DE001D3894 /* Preview Assets.xcassets */; };
		ADC347582A5E4B38008F9624 /* SettingView.swift in Sources */ = {isa = PBXBuildFile; fileRef = ADC347572A5E4B38008F9624 /* SettingView.swift */; };
		ADF707562A8B313C002381F1 /* Kingfisher in Frameworks */ = {isa = PBXBuildFile; productRef = ADF707552A8B313C002381F1 /* Kingfisher */; };
		ADFF60F82A8CC32400F8FBBA /* UserDefaults+Extension.swift in Sources */ = {isa = PBXBuildFile; fileRef = ADFF60F72A8CC32400F8FBBA /* UserDefaults+Extension.swift */; };
/* End PBXBuildFile section */

/* Begin PBXContainerItemProxy section */
		AD0ADC462A54444D0030B1F9 /* PBXContainerItemProxy */ = {
			isa = PBXContainerItemProxy;
			containerPortal = AD46BA0E2A52F9DD001D3894 /* Project object */;
			proxyType = 1;
			remoteGlobalIDString = AD0ADC372A54444C0030B1F9;
			remoteInfo = YomangWidgetExtensionExtension;
		};
/* End PBXContainerItemProxy section */

/* Begin PBXCopyFilesBuildPhase section */
		AD0ADC492A54444D0030B1F9 /* Embed Foundation Extensions */ = {
			isa = PBXCopyFilesBuildPhase;
			buildActionMask = 8;
			dstPath = "";
			dstSubfolderSpec = 13;
			files = (
				AD0ADC482A54444D0030B1F9 /* YomangWidgetExtensionExtension.appex in Embed Foundation Extensions */,
			);
			name = "Embed Foundation Extensions";
			runOnlyForDeploymentPostprocessing = 1;
		};
/* End PBXCopyFilesBuildPhase section */

/* Begin PBXFileReference section */
		2F1288872A592A720054FD6B /* User.swift */ = {isa = PBXFileReference; lastKnownFileType = sourcecode.swift; path = User.swift; sourceTree = "<group>"; };
		2F1288892A592AD70054FD6B /* YomangImage.swift */ = {isa = PBXFileReference; lastKnownFileType = sourcecode.swift; path = YomangImage.swift; sourceTree = "<group>"; };
		2F12888B2A592CED0054FD6B /* GoogleService-Info.plist */ = {isa = PBXFileReference; fileEncoding = 4; lastKnownFileType = text.plist.xml; path = "GoogleService-Info.plist"; sourceTree = "<group>"; };
		2F12888E2A59319F0054FD6B /* AuthViewModel.swift */ = {isa = PBXFileReference; lastKnownFileType = sourcecode.swift; path = AuthViewModel.swift; sourceTree = "<group>"; };
		2FC2EFC02A597B3F008E1056 /* AppleLoginButtonView.swift */ = {isa = PBXFileReference; lastKnownFileType = sourcecode.swift; path = AppleLoginButtonView.swift; sourceTree = "<group>"; };
		2FC2EFC32A598056008E1056 /* AppleLoginSessionTestView.swift */ = {isa = PBXFileReference; lastKnownFileType = sourcecode.swift; path = AppleLoginSessionTestView.swift; sourceTree = "<group>"; };
		2FDD6F3C2A5BC72B0065F947 /* Info.plist */ = {isa = PBXFileReference; lastKnownFileType = text.plist.xml; path = Info.plist; sourceTree = "<group>"; };
		2FDD6F432A5C12CD0065F947 /* LoginView.swift */ = {isa = PBXFileReference; lastKnownFileType = sourcecode.swift; path = LoginView.swift; sourceTree = "<group>"; };
		2FDD6F452A5C17C00065F947 /* LinkView.swift */ = {isa = PBXFileReference; lastKnownFileType = sourcecode.swift; path = LinkView.swift; sourceTree = "<group>"; };
		AD0ADC382A54444C0030B1F9 /* YomangWidgetExtensionExtension.appex */ = {isa = PBXFileReference; explicitFileType = "wrapper.app-extension"; includeInIndex = 0; path = YomangWidgetExtensionExtension.appex; sourceTree = BUILT_PRODUCTS_DIR; };
		AD0ADC3A2A54444C0030B1F9 /* WidgetKit.framework */ = {isa = PBXFileReference; lastKnownFileType = wrapper.framework; name = WidgetKit.framework; path = System/Library/Frameworks/WidgetKit.framework; sourceTree = SDKROOT; };
		AD0ADC3C2A54444C0030B1F9 /* SwiftUI.framework */ = {isa = PBXFileReference; lastKnownFileType = wrapper.framework; name = SwiftUI.framework; path = System/Library/Frameworks/SwiftUI.framework; sourceTree = SDKROOT; };
		AD0ADC3F2A54444C0030B1F9 /* YomangWidgetExtensionBundle.swift */ = {isa = PBXFileReference; lastKnownFileType = sourcecode.swift; path = YomangWidgetExtensionBundle.swift; sourceTree = "<group>"; };
		AD0ADC412A54444C0030B1F9 /* YomangWidgetExtension.swift */ = {isa = PBXFileReference; lastKnownFileType = sourcecode.swift; path = YomangWidgetExtension.swift; sourceTree = "<group>"; };
		AD0ADC432A54444D0030B1F9 /* Assets.xcassets */ = {isa = PBXFileReference; lastKnownFileType = folder.assetcatalog; path = Assets.xcassets; sourceTree = "<group>"; };
		AD0ADC452A54444D0030B1F9 /* Info.plist */ = {isa = PBXFileReference; lastKnownFileType = text.plist.xml; path = Info.plist; sourceTree = "<group>"; };
		AD0ADC542A544F9B0030B1F9 /* Color+Extension.swift */ = {isa = PBXFileReference; lastKnownFileType = sourcecode.swift; path = "Color+Extension.swift"; sourceTree = "<group>"; };
		AD0ADC562A544FFB0030B1F9 /* NavigationUtil.swift */ = {isa = PBXFileReference; lastKnownFileType = sourcecode.swift; path = NavigationUtil.swift; sourceTree = "<group>"; };
		AD0ADC582A54503A0030B1F9 /* Constants.swift */ = {isa = PBXFileReference; lastKnownFileType = sourcecode.swift; path = Constants.swift; sourceTree = "<group>"; };
		AD3805AE2A80E2FE00D02D54 /* String+Extension.swift */ = {isa = PBXFileReference; lastKnownFileType = sourcecode.swift; path = "String+Extension.swift"; sourceTree = "<group>"; };
		AD3805B72A80E4DE00D02D54 /* en */ = {isa = PBXFileReference; lastKnownFileType = text.plist.strings; name = en; path = en.lproj/Localizable.strings; sourceTree = "<group>"; };
		AD3805B92A80E4F200D02D54 /* ko */ = {isa = PBXFileReference; lastKnownFileType = text.plist.strings; name = ko; path = ko.lproj/Localizable.strings; sourceTree = "<group>"; };
		AD46BA162A52F9DD001D3894 /* Yomang.app */ = {isa = PBXFileReference; explicitFileType = wrapper.application; includeInIndex = 0; path = Yomang.app; sourceTree = BUILT_PRODUCTS_DIR; };
		AD46BA192A52F9DD001D3894 /* YomangApp.swift */ = {isa = PBXFileReference; lastKnownFileType = sourcecode.swift; path = YomangApp.swift; sourceTree = "<group>"; };
		AD46BA1B2A52F9DD001D3894 /* ContentView.swift */ = {isa = PBXFileReference; lastKnownFileType = sourcecode.swift; path = ContentView.swift; sourceTree = "<group>"; };
		AD46BA1D2A52F9DE001D3894 /* Assets.xcassets */ = {isa = PBXFileReference; lastKnownFileType = folder.assetcatalog; path = Assets.xcassets; sourceTree = "<group>"; };
		AD46BA202A52F9DE001D3894 /* Preview Assets.xcassets */ = {isa = PBXFileReference; lastKnownFileType = folder.assetcatalog; path = "Preview Assets.xcassets"; sourceTree = "<group>"; };
		AD944D662A8CB7AA00589895 /* Yomang.entitlements */ = {isa = PBXFileReference; lastKnownFileType = text.plist.entitlements; path = Yomang.entitlements; sourceTree = "<group>"; };
		AD944D672A8CB82400589895 /* YomangWidgetExtension.entitlements */ = {isa = PBXFileReference; lastKnownFileType = text.plist.entitlements; path = YomangWidgetExtension.entitlements; sourceTree = "<group>"; };
		ADC347572A5E4B38008F9624 /* SettingView.swift */ = {isa = PBXFileReference; lastKnownFileType = sourcecode.swift; path = SettingView.swift; sourceTree = "<group>"; };
		ADFF60F72A8CC32400F8FBBA /* UserDefaults+Extension.swift */ = {isa = PBXFileReference; lastKnownFileType = sourcecode.swift; path = "UserDefaults+Extension.swift"; sourceTree = "<group>"; };
/* End PBXFileReference section */

/* Begin PBXFrameworksBuildPhase section */
		AD0ADC352A54444C0030B1F9 /* Frameworks */ = {
			isa = PBXFrameworksBuildPhase;
			buildActionMask = 2147483647;
			files = (
				AD0ADC3D2A54444C0030B1F9 /* SwiftUI.framework in Frameworks */,
				AD0ADC3B2A54444C0030B1F9 /* WidgetKit.framework in Frameworks */,
			);
			runOnlyForDeploymentPostprocessing = 0;
		};
		AD46BA132A52F9DD001D3894 /* Frameworks */ = {
			isa = PBXFrameworksBuildPhase;
			buildActionMask = 2147483647;
			files = (
				2F12887F2A592A620054FD6B /* FirebaseDatabaseSwift in Frameworks */,
				2F12887D2A592A620054FD6B /* FirebaseDatabase in Frameworks */,
				2F1288792A592A620054FD6B /* FirebaseAnalytics in Frameworks */,
				ADF707562A8B313C002381F1 /* Kingfisher in Frameworks */,
				2FDD6F3F2A5BC9300065F947 /* FirebaseDynamicLinks in Frameworks */,
				2F1288812A592A620054FD6B /* FirebaseFirestore in Frameworks */,
				2F1288852A592A620054FD6B /* FirebaseStorage in Frameworks */,
				2F12887B2A592A620054FD6B /* FirebaseAuth in Frameworks */,
				2F1288832A592A620054FD6B /* FirebaseFirestoreSwift in Frameworks */,
			);
			runOnlyForDeploymentPostprocessing = 0;
		};
/* End PBXFrameworksBuildPhase section */

/* Begin PBXGroup section */
		2F1288862A592A680054FD6B /* Model */ = {
			isa = PBXGroup;
			children = (
				2F1288872A592A720054FD6B /* User.swift */,
				2F1288892A592AD70054FD6B /* YomangImage.swift */,
			);
			path = Model;
			sourceTree = "<group>";
		};
		2F12888D2A59318C0054FD6B /* ViewModel */ = {
			isa = PBXGroup;
			children = (
				2F12888E2A59319F0054FD6B /* AuthViewModel.swift */,
			);
			path = ViewModel;
			sourceTree = "<group>";
		};
		2FC2EFBE2A596115008E1056 /* View */ = {
			isa = PBXGroup;
			children = (
				ADC347572A5E4B38008F9624 /* SettingView.swift */,
				2FC2EFC02A597B3F008E1056 /* AppleLoginButtonView.swift */,
				2FDD6F432A5C12CD0065F947 /* LoginView.swift */,
				2FDD6F452A5C17C00065F947 /* LinkView.swift */,
			);
			path = View;
			sourceTree = "<group>";
		};
		2FC2EFC22A597E3F008E1056 /* TestView */ = {
			isa = PBXGroup;
			children = (
				2FC2EFC32A598056008E1056 /* AppleLoginSessionTestView.swift */,
			);
			path = TestView;
			sourceTree = "<group>";
		};
		AD0ADC392A54444C0030B1F9 /* Frameworks */ = {
			isa = PBXGroup;
			children = (
				AD0ADC3A2A54444C0030B1F9 /* WidgetKit.framework */,
				AD0ADC3C2A54444C0030B1F9 /* SwiftUI.framework */,
			);
			name = Frameworks;
			sourceTree = "<group>";
		};
		AD0ADC3E2A54444C0030B1F9 /* YomangWidgetExtension */ = {
			isa = PBXGroup;
			children = (
				AD0ADC3F2A54444C0030B1F9 /* YomangWidgetExtensionBundle.swift */,
				AD0ADC412A54444C0030B1F9 /* YomangWidgetExtension.swift */,
				AD0ADC432A54444D0030B1F9 /* Assets.xcassets */,
				AD0ADC452A54444D0030B1F9 /* Info.plist */,
			);
			path = YomangWidgetExtension;
			sourceTree = "<group>";
		};
		AD0ADC522A544F810030B1F9 /* Utils */ = {
			isa = PBXGroup;
			children = (
				AD0ADC562A544FFB0030B1F9 /* NavigationUtil.swift */,
				AD0ADC582A54503A0030B1F9 /* Constants.swift */,
			);
			path = Utils;
			sourceTree = "<group>";
		};
		AD0ADC532A544F8F0030B1F9 /* Extensions */ = {
			isa = PBXGroup;
			children = (
				AD0ADC542A544F9B0030B1F9 /* Color+Extension.swift */,
				AD3805AE2A80E2FE00D02D54 /* String+Extension.swift */,
				ADFF60F72A8CC32400F8FBBA /* UserDefaults+Extension.swift */,
			);
			path = Extensions;
			sourceTree = "<group>";
		};
		AD0ADC5A2A5450630030B1F9 /* Resources */ = {
			isa = PBXGroup;
			children = (
				AD944D672A8CB82400589895 /* YomangWidgetExtension.entitlements */,
				AD944D662A8CB7AA00589895 /* Yomang.entitlements */,
				2FDD6F3C2A5BC72B0065F947 /* Info.plist */,
				AD3805B12A80E4BB00D02D54 /* Localization */,
				AD46BA1D2A52F9DE001D3894 /* Assets.xcassets */,
			);
			path = Resources;
			sourceTree = "<group>";
		};
		AD3805B02A80E39700D02D54 /* Sources */ = {
			isa = PBXGroup;
			children = (
				2FC2EFBE2A596115008E1056 /* View */,
				2F1288862A592A680054FD6B /* Model */,
				2F12888D2A59318C0054FD6B /* ViewModel */,
				AD0ADC532A544F8F0030B1F9 /* Extensions */,
				AD0ADC522A544F810030B1F9 /* Utils */,
				AD46BA192A52F9DD001D3894 /* YomangApp.swift */,
				AD46BA1B2A52F9DD001D3894 /* ContentView.swift */,
				2FC2EFC22A597E3F008E1056 /* TestView */,
			);
			path = Sources;
			sourceTree = "<group>";
		};
		AD3805B12A80E4BB00D02D54 /* Localization */ = {
			isa = PBXGroup;
			children = (
				AD3805B82A80E4DE00D02D54 /* Localizable.strings */,
			);
			path = Localization;
			sourceTree = "<group>";
		};
		AD46BA0D2A52F9DD001D3894 = {
			isa = PBXGroup;
			children = (
				AD46BA182A52F9DD001D3894 /* Yomang */,
				AD0ADC3E2A54444C0030B1F9 /* YomangWidgetExtension */,
				AD0ADC392A54444C0030B1F9 /* Frameworks */,
				AD46BA172A52F9DD001D3894 /* Products */,
			);
			sourceTree = "<group>";
		};
		AD46BA172A52F9DD001D3894 /* Products */ = {
			isa = PBXGroup;
			children = (
				AD46BA162A52F9DD001D3894 /* Yomang.app */,
				AD0ADC382A54444C0030B1F9 /* YomangWidgetExtensionExtension.appex */,
			);
			name = Products;
			sourceTree = "<group>";
		};
		AD46BA182A52F9DD001D3894 /* Yomang */ = {
			isa = PBXGroup;
			children = (
				2F12888B2A592CED0054FD6B /* GoogleService-Info.plist */,
				AD3805B02A80E39700D02D54 /* Sources */,
				AD0ADC5A2A5450630030B1F9 /* Resources */,
				AD46BA1F2A52F9DE001D3894 /* Preview Content */,
			);
			path = Yomang;
			sourceTree = "<group>";
		};
		AD46BA1F2A52F9DE001D3894 /* Preview Content */ = {
			isa = PBXGroup;
			children = (
				AD46BA202A52F9DE001D3894 /* Preview Assets.xcassets */,
			);
			path = "Preview Content";
			sourceTree = "<group>";
		};
/* End PBXGroup section */

/* Begin PBXNativeTarget section */
		AD0ADC372A54444C0030B1F9 /* YomangWidgetExtensionExtension */ = {
			isa = PBXNativeTarget;
			buildConfigurationList = AD0ADC4C2A54444D0030B1F9 /* Build configuration list for PBXNativeTarget "YomangWidgetExtensionExtension" */;
			buildPhases = (
				AD0ADC342A54444C0030B1F9 /* Sources */,
				AD0ADC352A54444C0030B1F9 /* Frameworks */,
				AD0ADC362A54444C0030B1F9 /* Resources */,
			);
			buildRules = (
			);
			dependencies = (
			);
			name = YomangWidgetExtensionExtension;
			productName = YomangWidgetExtensionExtension;
			productReference = AD0ADC382A54444C0030B1F9 /* YomangWidgetExtensionExtension.appex */;
			productType = "com.apple.product-type.app-extension";
		};
		AD46BA152A52F9DD001D3894 /* Yomang */ = {
			isa = PBXNativeTarget;
			buildConfigurationList = AD46BA242A52F9DE001D3894 /* Build configuration list for PBXNativeTarget "Yomang" */;
			buildPhases = (
				AD448A8D2A66BA5A00585590 /* ShellScript */,
				AD46BA122A52F9DD001D3894 /* Sources */,
				AD46BA132A52F9DD001D3894 /* Frameworks */,
				AD46BA142A52F9DD001D3894 /* Resources */,
				AD0ADC492A54444D0030B1F9 /* Embed Foundation Extensions */,
			);
			buildRules = (
			);
			dependencies = (
				AD0ADC472A54444D0030B1F9 /* PBXTargetDependency */,
			);
			name = Yomang;
			packageProductDependencies = (
				2F1288782A592A620054FD6B /* FirebaseAnalytics */,
				2F12887A2A592A620054FD6B /* FirebaseAuth */,
				2F12887C2A592A620054FD6B /* FirebaseDatabase */,
				2F12887E2A592A620054FD6B /* FirebaseDatabaseSwift */,
				2F1288802A592A620054FD6B /* FirebaseFirestore */,
				2F1288822A592A620054FD6B /* FirebaseFirestoreSwift */,
				2F1288842A592A620054FD6B /* FirebaseStorage */,
				2FDD6F3E2A5BC9300065F947 /* FirebaseDynamicLinks */,
				ADF707552A8B313C002381F1 /* Kingfisher */,
			);
			productName = Yomang;
			productReference = AD46BA162A52F9DD001D3894 /* Yomang.app */;
			productType = "com.apple.product-type.application";
		};
/* End PBXNativeTarget section */

/* Begin PBXProject section */
		AD46BA0E2A52F9DD001D3894 /* Project object */ = {
			isa = PBXProject;
			attributes = {
				BuildIndependentTargetsInParallel = 1;
				LastSwiftUpdateCheck = 1420;
				LastUpgradeCheck = 1420;
				TargetAttributes = {
					AD0ADC372A54444C0030B1F9 = {
						CreatedOnToolsVersion = 14.2;
					};
					AD46BA152A52F9DD001D3894 = {
						CreatedOnToolsVersion = 14.2;
					};
				};
			};
			buildConfigurationList = AD46BA112A52F9DD001D3894 /* Build configuration list for PBXProject "Yomang" */;
			compatibilityVersion = "Xcode 14.0";
			developmentRegion = en;
			hasScannedForEncodings = 0;
			knownRegions = (
				en,
				Base,
				ko,
			);
			mainGroup = AD46BA0D2A52F9DD001D3894;
			packageReferences = (
				2F1288772A592A620054FD6B /* XCRemoteSwiftPackageReference "firebase-ios-sdk" */,
				ADF707542A8B313C002381F1 /* XCRemoteSwiftPackageReference "Kingfisher" */,
			);
			productRefGroup = AD46BA172A52F9DD001D3894 /* Products */;
			projectDirPath = "";
			projectRoot = "";
			targets = (
				AD46BA152A52F9DD001D3894 /* Yomang */,
				AD0ADC372A54444C0030B1F9 /* YomangWidgetExtensionExtension */,
			);
		};
/* End PBXProject section */

/* Begin PBXResourcesBuildPhase section */
		AD0ADC362A54444C0030B1F9 /* Resources */ = {
			isa = PBXResourcesBuildPhase;
			buildActionMask = 2147483647;
			files = (
				AD0ADC442A54444D0030B1F9 /* Assets.xcassets in Resources */,
				AD3805B62A80E4DE00D02D54 /* Localizable.strings in Resources */,
			);
			runOnlyForDeploymentPostprocessing = 0;
		};
		AD46BA142A52F9DD001D3894 /* Resources */ = {
			isa = PBXResourcesBuildPhase;
			buildActionMask = 2147483647;
			files = (
				AD46BA212A52F9DE001D3894 /* Preview Assets.xcassets in Resources */,
				AD3805B52A80E4DE00D02D54 /* Localizable.strings in Resources */,
				AD46BA1E2A52F9DE001D3894 /* Assets.xcassets in Resources */,
				2F12888C2A592CED0054FD6B /* GoogleService-Info.plist in Resources */,
			);
			runOnlyForDeploymentPostprocessing = 0;
		};
/* End PBXResourcesBuildPhase section */

/* Begin PBXShellScriptBuildPhase section */
		AD448A8D2A66BA5A00585590 /* ShellScript */ = {
			isa = PBXShellScriptBuildPhase;
			buildActionMask = 2147483647;
			files = (
			);
			inputFileListPaths = (
			);
			inputPaths = (
			);
			outputFileListPaths = (
			);
			outputPaths = (
			);
			runOnlyForDeploymentPostprocessing = 0;
			shellPath = /bin/sh;
			shellScript = "if test -d \"/opt/homebrew/bin/\"; then\n  PATH=\"/opt/homebrew/bin/:${PATH}\"\nfi\n\nexport PATH\n\nif which swiftlint >/dev/null; then\n  swiftlint\nelse\n  echo \"warning: SwiftLint not installed, download from https://github.com/realm/SwiftLint\"\nfi\n";
		};
/* End PBXShellScriptBuildPhase section */

/* Begin PBXSourcesBuildPhase section */
		AD0ADC342A54444C0030B1F9 /* Sources */ = {
			isa = PBXSourcesBuildPhase;
			buildActionMask = 2147483647;
			files = (
				AD3805BD2A80E66600D02D54 /* String+Extension.swift in Sources */,
				AD0ADC422A54444C0030B1F9 /* YomangWidgetExtension.swift in Sources */,
				AD0ADC402A54444C0030B1F9 /* YomangWidgetExtensionBundle.swift in Sources */,
			);
			runOnlyForDeploymentPostprocessing = 0;
		};
		AD46BA122A52F9DD001D3894 /* Sources */ = {
			isa = PBXSourcesBuildPhase;
			buildActionMask = 2147483647;
			files = (
				ADC347582A5E4B38008F9624 /* SettingView.swift in Sources */,
				2F12888F2A59319F0054FD6B /* AuthViewModel.swift in Sources */,
				2FC2EFC42A598056008E1056 /* AppleLoginSessionTestView.swift in Sources */,
				2F1288882A592A720054FD6B /* User.swift in Sources */,
				2F12888A2A592AD70054FD6B /* YomangImage.swift in Sources */,
				AD3805AF2A80E2FE00D02D54 /* String+Extension.swift in Sources */,
				ADFF60F82A8CC32400F8FBBA /* UserDefaults+Extension.swift in Sources */,
				AD0ADC592A54503A0030B1F9 /* Constants.swift in Sources */,
				AD0ADC572A544FFB0030B1F9 /* NavigationUtil.swift in Sources */,
				AD0ADC552A544F9B0030B1F9 /* Color+Extension.swift in Sources */,
				AD46BA1A2A52F9DD001D3894 /* YomangApp.swift in Sources */,
				2FDD6F442A5C12CD0065F947 /* LoginView.swift in Sources */,
				2FDD6F462A5C17C00065F947 /* LinkView.swift in Sources */,
				2FC2EFC12A597B3F008E1056 /* AppleLoginButtonView.swift in Sources */,
			);
			runOnlyForDeploymentPostprocessing = 0;
		};
/* End PBXSourcesBuildPhase section */

/* Begin PBXTargetDependency section */
		AD0ADC472A54444D0030B1F9 /* PBXTargetDependency */ = {
			isa = PBXTargetDependency;
			target = AD0ADC372A54444C0030B1F9 /* YomangWidgetExtensionExtension */;
			targetProxy = AD0ADC462A54444D0030B1F9 /* PBXContainerItemProxy */;
		};
/* End PBXTargetDependency section */

/* Begin PBXVariantGroup section */
		AD3805B82A80E4DE00D02D54 /* Localizable.strings */ = {
			isa = PBXVariantGroup;
			children = (
				AD3805B72A80E4DE00D02D54 /* en */,
				AD3805B92A80E4F200D02D54 /* ko */,
			);
			name = Localizable.strings;
			sourceTree = "<group>";
		};
/* End PBXVariantGroup section */

/* Begin XCBuildConfiguration section */
		AD0ADC4A2A54444D0030B1F9 /* Debug */ = {
			isa = XCBuildConfiguration;
			buildSettings = {
				ASSETCATALOG_COMPILER_GLOBAL_ACCENT_COLOR_NAME = AccentColor;
				ASSETCATALOG_COMPILER_WIDGET_BACKGROUND_COLOR_NAME = WidgetBackground;
				CODE_SIGN_ENTITLEMENTS = Yomang/Resources/YomangWidgetExtension.entitlements;
				CODE_SIGN_IDENTITY = "Apple Development";
				"CODE_SIGN_IDENTITY[sdk=iphoneos*]" = "Apple Distribution: Dayeon Moon (7D5PZJWQ9T)";
				CODE_SIGN_STYLE = Manual;
				CURRENT_PROJECT_VERSION = 33;
				DEVELOPMENT_TEAM = 7D5PZJWQ9T;
				"DEVELOPMENT_TEAM[sdk=iphoneos*]" = 7D5PZJWQ9T;
				GENERATE_INFOPLIST_FILE = YES;
				INFOPLIST_FILE = YomangWidgetExtension/Info.plist;
				INFOPLIST_KEY_CFBundleDisplayName = YomangWidgetExtension;
				INFOPLIST_KEY_NSHumanReadableCopyright = "";
				LD_RUNPATH_SEARCH_PATHS = (
					"$(inherited)",
					"@executable_path/Frameworks",
					"@executable_path/../../Frameworks",
				);
				MARKETING_VERSION = 1.0;
				PRODUCT_BUNDLE_IDENTIFIER = pos.academy.Yomang.YomangWidgetExtension;
				PRODUCT_NAME = "$(TARGET_NAME)";
				PROVISIONING_PROFILE_SPECIFIER = "match AppStore pos.academy.Yomang.YomangWidgetExtension";
				"PROVISIONING_PROFILE_SPECIFIER[sdk=iphoneos*]" = "match AppStore pos.academy.Yomang.YomangWidgetExtension";
				SKIP_INSTALL = YES;
				SWIFT_EMIT_LOC_STRINGS = YES;
				SWIFT_VERSION = 5.0;
				TARGETED_DEVICE_FAMILY = "1,2";
			};
			name = Debug;
		};
		AD0ADC4B2A54444D0030B1F9 /* Release */ = {
			isa = XCBuildConfiguration;
			buildSettings = {
				ASSETCATALOG_COMPILER_GLOBAL_ACCENT_COLOR_NAME = AccentColor;
				ASSETCATALOG_COMPILER_WIDGET_BACKGROUND_COLOR_NAME = WidgetBackground;
				CODE_SIGN_ENTITLEMENTS = Yomang/Resources/YomangWidgetExtension.entitlements;
				CODE_SIGN_IDENTITY = "Apple Distribution: Dayeon Moon (7D5PZJWQ9T)";
				CODE_SIGN_STYLE = Manual;
				CURRENT_PROJECT_VERSION = 33;
				DEVELOPMENT_TEAM = 7D5PZJWQ9T;
				GENERATE_INFOPLIST_FILE = YES;
				INFOPLIST_FILE = YomangWidgetExtension/Info.plist;
				INFOPLIST_KEY_CFBundleDisplayName = YomangWidgetExtension;
				INFOPLIST_KEY_NSHumanReadableCopyright = "";
				LD_RUNPATH_SEARCH_PATHS = (
					"$(inherited)",
					"@executable_path/Frameworks",
					"@executable_path/../../Frameworks",
				);
				MARKETING_VERSION = 1.0;
				PRODUCT_BUNDLE_IDENTIFIER = pos.academy.Yomang.YomangWidgetExtension;
				PRODUCT_NAME = "$(TARGET_NAME)";
				PROVISIONING_PROFILE_SPECIFIER = "match AppStore pos.academy.Yomang.YomangWidgetExtension";
				SKIP_INSTALL = YES;
				SWIFT_EMIT_LOC_STRINGS = YES;
				SWIFT_VERSION = 5.0;
				TARGETED_DEVICE_FAMILY = "1,2";
			};
			name = Release;
		};
		AD46BA222A52F9DE001D3894 /* Debug */ = {
			isa = XCBuildConfiguration;
			buildSettings = {
				ALWAYS_SEARCH_USER_PATHS = NO;
				CLANG_ANALYZER_LOCALIZABILITY_NONLOCALIZED = YES;
				CLANG_ANALYZER_NONNULL = YES;
				CLANG_ANALYZER_NUMBER_OBJECT_CONVERSION = YES_AGGRESSIVE;
				CLANG_CXX_LANGUAGE_STANDARD = "gnu++20";
				CLANG_ENABLE_MODULES = YES;
				CLANG_ENABLE_OBJC_ARC = YES;
				CLANG_ENABLE_OBJC_WEAK = YES;
				CLANG_WARN_BLOCK_CAPTURE_AUTORELEASING = YES;
				CLANG_WARN_BOOL_CONVERSION = YES;
				CLANG_WARN_COMMA = YES;
				CLANG_WARN_CONSTANT_CONVERSION = YES;
				CLANG_WARN_DEPRECATED_OBJC_IMPLEMENTATIONS = YES;
				CLANG_WARN_DIRECT_OBJC_ISA_USAGE = YES_ERROR;
				CLANG_WARN_DOCUMENTATION_COMMENTS = YES;
				CLANG_WARN_EMPTY_BODY = YES;
				CLANG_WARN_ENUM_CONVERSION = YES;
				CLANG_WARN_INFINITE_RECURSION = YES;
				CLANG_WARN_INT_CONVERSION = YES;
				CLANG_WARN_NON_LITERAL_NULL_CONVERSION = YES;
				CLANG_WARN_OBJC_IMPLICIT_RETAIN_SELF = YES;
				CLANG_WARN_OBJC_LITERAL_CONVERSION = YES;
				CLANG_WARN_OBJC_ROOT_CLASS = YES_ERROR;
				CLANG_WARN_QUOTED_INCLUDE_IN_FRAMEWORK_HEADER = YES;
				CLANG_WARN_RANGE_LOOP_ANALYSIS = YES;
				CLANG_WARN_STRICT_PROTOTYPES = YES;
				CLANG_WARN_SUSPICIOUS_MOVE = YES;
				CLANG_WARN_UNGUARDED_AVAILABILITY = YES_AGGRESSIVE;
				CLANG_WARN_UNREACHABLE_CODE = YES;
				CLANG_WARN__DUPLICATE_METHOD_MATCH = YES;
				COPY_PHASE_STRIP = NO;
				DEBUG_INFORMATION_FORMAT = dwarf;
				ENABLE_STRICT_OBJC_MSGSEND = YES;
				ENABLE_TESTABILITY = YES;
				GCC_C_LANGUAGE_STANDARD = gnu11;
				GCC_DYNAMIC_NO_PIC = NO;
				GCC_NO_COMMON_BLOCKS = YES;
				GCC_OPTIMIZATION_LEVEL = 0;
				GCC_PREPROCESSOR_DEFINITIONS = (
					"DEBUG=1",
					"$(inherited)",
				);
				GCC_WARN_64_TO_32_BIT_CONVERSION = YES;
				GCC_WARN_ABOUT_RETURN_TYPE = YES_ERROR;
				GCC_WARN_UNDECLARED_SELECTOR = YES;
				GCC_WARN_UNINITIALIZED_AUTOS = YES_AGGRESSIVE;
				GCC_WARN_UNUSED_FUNCTION = YES;
				GCC_WARN_UNUSED_VARIABLE = YES;
				IPHONEOS_DEPLOYMENT_TARGET = 15.0;
				MTL_ENABLE_DEBUG_INFO = INCLUDE_SOURCE;
				MTL_FAST_MATH = YES;
				ONLY_ACTIVE_ARCH = YES;
				SDKROOT = iphoneos;
				SWIFT_ACTIVE_COMPILATION_CONDITIONS = DEBUG;
				SWIFT_OPTIMIZATION_LEVEL = "-Onone";
			};
			name = Debug;
		};
		AD46BA232A52F9DE001D3894 /* Release */ = {
			isa = XCBuildConfiguration;
			buildSettings = {
				ALWAYS_SEARCH_USER_PATHS = NO;
				CLANG_ANALYZER_LOCALIZABILITY_NONLOCALIZED = YES;
				CLANG_ANALYZER_NONNULL = YES;
				CLANG_ANALYZER_NUMBER_OBJECT_CONVERSION = YES_AGGRESSIVE;
				CLANG_CXX_LANGUAGE_STANDARD = "gnu++20";
				CLANG_ENABLE_MODULES = YES;
				CLANG_ENABLE_OBJC_ARC = YES;
				CLANG_ENABLE_OBJC_WEAK = YES;
				CLANG_WARN_BLOCK_CAPTURE_AUTORELEASING = YES;
				CLANG_WARN_BOOL_CONVERSION = YES;
				CLANG_WARN_COMMA = YES;
				CLANG_WARN_CONSTANT_CONVERSION = YES;
				CLANG_WARN_DEPRECATED_OBJC_IMPLEMENTATIONS = YES;
				CLANG_WARN_DIRECT_OBJC_ISA_USAGE = YES_ERROR;
				CLANG_WARN_DOCUMENTATION_COMMENTS = YES;
				CLANG_WARN_EMPTY_BODY = YES;
				CLANG_WARN_ENUM_CONVERSION = YES;
				CLANG_WARN_INFINITE_RECURSION = YES;
				CLANG_WARN_INT_CONVERSION = YES;
				CLANG_WARN_NON_LITERAL_NULL_CONVERSION = YES;
				CLANG_WARN_OBJC_IMPLICIT_RETAIN_SELF = YES;
				CLANG_WARN_OBJC_LITERAL_CONVERSION = YES;
				CLANG_WARN_OBJC_ROOT_CLASS = YES_ERROR;
				CLANG_WARN_QUOTED_INCLUDE_IN_FRAMEWORK_HEADER = YES;
				CLANG_WARN_RANGE_LOOP_ANALYSIS = YES;
				CLANG_WARN_STRICT_PROTOTYPES = YES;
				CLANG_WARN_SUSPICIOUS_MOVE = YES;
				CLANG_WARN_UNGUARDED_AVAILABILITY = YES_AGGRESSIVE;
				CLANG_WARN_UNREACHABLE_CODE = YES;
				CLANG_WARN__DUPLICATE_METHOD_MATCH = YES;
				COPY_PHASE_STRIP = NO;
				DEBUG_INFORMATION_FORMAT = "dwarf-with-dsym";
				ENABLE_NS_ASSERTIONS = NO;
				ENABLE_STRICT_OBJC_MSGSEND = YES;
				GCC_C_LANGUAGE_STANDARD = gnu11;
				GCC_NO_COMMON_BLOCKS = YES;
				GCC_WARN_64_TO_32_BIT_CONVERSION = YES;
				GCC_WARN_ABOUT_RETURN_TYPE = YES_ERROR;
				GCC_WARN_UNDECLARED_SELECTOR = YES;
				GCC_WARN_UNINITIALIZED_AUTOS = YES_AGGRESSIVE;
				GCC_WARN_UNUSED_FUNCTION = YES;
				GCC_WARN_UNUSED_VARIABLE = YES;
				IPHONEOS_DEPLOYMENT_TARGET = 15.0;
				MTL_ENABLE_DEBUG_INFO = NO;
				MTL_FAST_MATH = YES;
				SDKROOT = iphoneos;
				SWIFT_COMPILATION_MODE = wholemodule;
				SWIFT_OPTIMIZATION_LEVEL = "-O";
				VALIDATE_PRODUCT = YES;
			};
			name = Release;
		};
		AD46BA252A52F9DE001D3894 /* Debug */ = {
			isa = XCBuildConfiguration;
			buildSettings = {
				ALWAYS_EMBED_SWIFT_STANDARD_LIBRARIES = YES;
				ASSETCATALOG_COMPILER_APPICON_NAME = AppIcon;
				ASSETCATALOG_COMPILER_GLOBAL_ACCENT_COLOR_NAME = AccentColor;
				CODE_SIGN_ENTITLEMENTS = Yomang/Resources/Yomang.entitlements;
				CODE_SIGN_IDENTITY = "Apple Development";
				"CODE_SIGN_IDENTITY[sdk=iphoneos*]" = "Apple Distribution: Dayeon Moon (7D5PZJWQ9T)";
				CODE_SIGN_STYLE = Manual;
				CURRENT_PROJECT_VERSION = 33;
				DEVELOPMENT_ASSET_PATHS = "\"Yomang/Preview Content\"";
				DEVELOPMENT_TEAM = 7D5PZJWQ9T;
				"DEVELOPMENT_TEAM[sdk=iphoneos*]" = 7D5PZJWQ9T;
				ENABLE_PREVIEWS = YES;
				GENERATE_INFOPLIST_FILE = YES;
				INFOPLIST_FILE = Yomang/Resources/Info.plist;
				INFOPLIST_KEY_UIApplicationSceneManifest_Generation = YES;
				INFOPLIST_KEY_UIApplicationSupportsIndirectInputEvents = YES;
				INFOPLIST_KEY_UILaunchScreen_Generation = YES;
				INFOPLIST_KEY_UISupportedInterfaceOrientations_iPad = "UIInterfaceOrientationPortrait UIInterfaceOrientationPortraitUpsideDown UIInterfaceOrientationLandscapeLeft UIInterfaceOrientationLandscapeRight";
				INFOPLIST_KEY_UISupportedInterfaceOrientations_iPhone = "UIInterfaceOrientationPortrait UIInterfaceOrientationLandscapeLeft UIInterfaceOrientationLandscapeRight";
				INFOPLIST_KEY_UIUserInterfaceStyle = Dark;
				IPHONEOS_DEPLOYMENT_TARGET = 15.0;
				LD_RUNPATH_SEARCH_PATHS = (
					"$(inherited)",
					"@executable_path/Frameworks",
				);
				MARKETING_VERSION = 1.0;
				PRODUCT_BUNDLE_IDENTIFIER = pos.academy.Yomang;
				PRODUCT_NAME = "$(TARGET_NAME)";
				PROVISIONING_PROFILE_SPECIFIER = "match AppStore pos.academy.Yomang";
				"PROVISIONING_PROFILE_SPECIFIER[sdk=iphoneos*]" = "match AppStore pos.academy.Yomang";
				SUPPORTED_PLATFORMS = "iphoneos iphonesimulator";
				SUPPORTS_MACCATALYST = NO;
				SUPPORTS_MAC_DESIGNED_FOR_IPHONE_IPAD = NO;
				SUPPORTS_XR_DESIGNED_FOR_IPHONE_IPAD = NO;
				SWIFT_EMIT_LOC_STRINGS = YES;
				SWIFT_VERSION = 5.0;
				TARGETED_DEVICE_FAMILY = "1,2";
			};
			name = Debug;
		};
		AD46BA262A52F9DE001D3894 /* Release */ = {
			isa = XCBuildConfiguration;
			buildSettings = {
				ALWAYS_EMBED_SWIFT_STANDARD_LIBRARIES = YES;
				ASSETCATALOG_COMPILER_APPICON_NAME = AppIcon;
				ASSETCATALOG_COMPILER_GLOBAL_ACCENT_COLOR_NAME = AccentColor;
				CODE_SIGN_ENTITLEMENTS = Yomang/Resources/Yomang.entitlements;
				"CODE_SIGN_IDENTITY[sdk=iphoneos*]" = "Apple Distribution: Dayeon Moon (7D5PZJWQ9T)";
				CODE_SIGN_STYLE = Manual;
				CURRENT_PROJECT_VERSION = 33;
				DEVELOPMENT_ASSET_PATHS = "\"Yomang/Preview Content\"";
				DEVELOPMENT_TEAM = 7D5PZJWQ9T;
				"DEVELOPMENT_TEAM[sdk=iphoneos*]" = 7D5PZJWQ9T;
				ENABLE_PREVIEWS = YES;
				GENERATE_INFOPLIST_FILE = YES;
				INFOPLIST_FILE = Yomang/Resources/Info.plist;
				INFOPLIST_KEY_UIApplicationSceneManifest_Generation = YES;
				INFOPLIST_KEY_UIApplicationSupportsIndirectInputEvents = YES;
				INFOPLIST_KEY_UILaunchScreen_Generation = YES;
				INFOPLIST_KEY_UISupportedInterfaceOrientations_iPad = "UIInterfaceOrientationPortrait UIInterfaceOrientationPortraitUpsideDown UIInterfaceOrientationLandscapeLeft UIInterfaceOrientationLandscapeRight";
				INFOPLIST_KEY_UISupportedInterfaceOrientations_iPhone = "UIInterfaceOrientationPortrait UIInterfaceOrientationLandscapeLeft UIInterfaceOrientationLandscapeRight";
				INFOPLIST_KEY_UIUserInterfaceStyle = Dark;
				IPHONEOS_DEPLOYMENT_TARGET = 15.0;
				LD_RUNPATH_SEARCH_PATHS = (
					"$(inherited)",
					"@executable_path/Frameworks",
				);
				MARKETING_VERSION = 1.0;
				PRODUCT_BUNDLE_IDENTIFIER = pos.academy.Yomang;
				PRODUCT_NAME = "$(TARGET_NAME)";
				PROVISIONING_PROFILE_SPECIFIER = "match AppStore pos.academy.Yomang";
				"PROVISIONING_PROFILE_SPECIFIER[sdk=iphoneos*]" = "match AppStore pos.academy.Yomang";
				SUPPORTED_PLATFORMS = "iphoneos iphonesimulator";
				SUPPORTS_MACCATALYST = NO;
				SUPPORTS_MAC_DESIGNED_FOR_IPHONE_IPAD = NO;
				SUPPORTS_XR_DESIGNED_FOR_IPHONE_IPAD = NO;
				SWIFT_EMIT_LOC_STRINGS = YES;
				SWIFT_VERSION = 5.0;
				TARGETED_DEVICE_FAMILY = "1,2";
			};
			name = Release;
		};
/* End XCBuildConfiguration section */

/* Begin XCConfigurationList section */
		AD0ADC4C2A54444D0030B1F9 /* Build configuration list for PBXNativeTarget "YomangWidgetExtensionExtension" */ = {
			isa = XCConfigurationList;
			buildConfigurations = (
				AD0ADC4A2A54444D0030B1F9 /* Debug */,
				AD0ADC4B2A54444D0030B1F9 /* Release */,
			);
			defaultConfigurationIsVisible = 0;
			defaultConfigurationName = Release;
		};
		AD46BA112A52F9DD001D3894 /* Build configuration list for PBXProject "Yomang" */ = {
			isa = XCConfigurationList;
			buildConfigurations = (
				AD46BA222A52F9DE001D3894 /* Debug */,
				AD46BA232A52F9DE001D3894 /* Release */,
			);
			defaultConfigurationIsVisible = 0;
			defaultConfigurationName = Release;
		};
		AD46BA242A52F9DE001D3894 /* Build configuration list for PBXNativeTarget "Yomang" */ = {
			isa = XCConfigurationList;
			buildConfigurations = (
				AD46BA252A52F9DE001D3894 /* Debug */,
				AD46BA262A52F9DE001D3894 /* Release */,
			);
			defaultConfigurationIsVisible = 0;
			defaultConfigurationName = Release;
		};
/* End XCConfigurationList section */

/* Begin XCRemoteSwiftPackageReference section */
		2F1288772A592A620054FD6B /* XCRemoteSwiftPackageReference "firebase-ios-sdk" */ = {
			isa = XCRemoteSwiftPackageReference;
			repositoryURL = "https://github.com/firebase/firebase-ios-sdk";
			requirement = {
				kind = upToNextMajorVersion;
				minimumVersion = 10.11.0;
			};
		};
		ADF707542A8B313C002381F1 /* XCRemoteSwiftPackageReference "Kingfisher" */ = {
			isa = XCRemoteSwiftPackageReference;
			repositoryURL = "https://github.com/onevcat/Kingfisher";
			requirement = {
				branch = master;
				kind = branch;
			};
		};
/* End XCRemoteSwiftPackageReference section */

/* Begin XCSwiftPackageProductDependency section */
		2F1288782A592A620054FD6B /* FirebaseAnalytics */ = {
			isa = XCSwiftPackageProductDependency;
			package = 2F1288772A592A620054FD6B /* XCRemoteSwiftPackageReference "firebase-ios-sdk" */;
			productName = FirebaseAnalytics;
		};
		2F12887A2A592A620054FD6B /* FirebaseAuth */ = {
			isa = XCSwiftPackageProductDependency;
			package = 2F1288772A592A620054FD6B /* XCRemoteSwiftPackageReference "firebase-ios-sdk" */;
			productName = FirebaseAuth;
		};
		2F12887C2A592A620054FD6B /* FirebaseDatabase */ = {
			isa = XCSwiftPackageProductDependency;
			package = 2F1288772A592A620054FD6B /* XCRemoteSwiftPackageReference "firebase-ios-sdk" */;
			productName = FirebaseDatabase;
		};
		2F12887E2A592A620054FD6B /* FirebaseDatabaseSwift */ = {
			isa = XCSwiftPackageProductDependency;
			package = 2F1288772A592A620054FD6B /* XCRemoteSwiftPackageReference "firebase-ios-sdk" */;
			productName = FirebaseDatabaseSwift;
		};
		2F1288802A592A620054FD6B /* FirebaseFirestore */ = {
			isa = XCSwiftPackageProductDependency;
			package = 2F1288772A592A620054FD6B /* XCRemoteSwiftPackageReference "firebase-ios-sdk" */;
			productName = FirebaseFirestore;
		};
		2F1288822A592A620054FD6B /* FirebaseFirestoreSwift */ = {
			isa = XCSwiftPackageProductDependency;
			package = 2F1288772A592A620054FD6B /* XCRemoteSwiftPackageReference "firebase-ios-sdk" */;
			productName = FirebaseFirestoreSwift;
		};
		2F1288842A592A620054FD6B /* FirebaseStorage */ = {
			isa = XCSwiftPackageProductDependency;
			package = 2F1288772A592A620054FD6B /* XCRemoteSwiftPackageReference "firebase-ios-sdk" */;
			productName = FirebaseStorage;
		};
		2FDD6F3E2A5BC9300065F947 /* FirebaseDynamicLinks */ = {
			isa = XCSwiftPackageProductDependency;
			package = 2F1288772A592A620054FD6B /* XCRemoteSwiftPackageReference "firebase-ios-sdk" */;
			productName = FirebaseDynamicLinks;
		};
		ADF707552A8B313C002381F1 /* Kingfisher */ = {
			isa = XCSwiftPackageProductDependency;
			package = ADF707542A8B313C002381F1 /* XCRemoteSwiftPackageReference "Kingfisher" */;
			productName = Kingfisher;
		};
/* End XCSwiftPackageProductDependency section */
	};
	rootObject = AD46BA0E2A52F9DD001D3894 /* Project object */;
}
